<?xml version="1.0" encoding="utf-8"?>
<Project ToolsVersion="4.0" xmlns="http://schemas.microsoft.com/developer/msbuild/2003">
  <ItemGroup>
    <ClCompile Include="$(SolutionDir)\..\test\core\support\backoff_test.c">
      <Filter>test\core\support</Filter>
    </ClCompile>
  </ItemGroup>

  <ItemGroup>
    <Filter Include="test">
      <UniqueIdentifier>{4b7f1d25-d344-0bcb-63d8-2ba959874ea8}</UniqueIdentifier>
    </Filter>
    <Filter Include="test\core">
      <UniqueIdentifier>{2bd2fba5-8799-2c78-469f-ec3ba6b01da8}</UniqueIdentifier>
    </Filter>
    <Filter Include="test\core\support">
      <UniqueIdentifier>{2ef0cfa7-fe3d-2b82-7d0e-f9e293e8f98c}</UniqueIdentifier>
    </Filter>
  </ItemGroup>
</Project>

