PODS:
  - gRPC (0.0.2):
    - gRPC/C-Core (= 0.0.2)
    - RxLibrary (~> 0.0)
  - gRPC/C-Core (0.0.2):
    - OpenSSL (~> 1.0.200)
    - RxLibrary (~> 0.0)
  - OpenSSL (1.0.201)
  - RxLibrary (0.0.1)

DEPENDENCIES:
  - gRPC (~> 0.0)
  - RxLibrary (~> 0.0)

SPEC CHECKSUMS:
  gRPC: 24407fecb27609d1d4a3486c45f8247660cc25fc
  OpenSSL: 4e990d04b14015c49c800c400b86ae44a4818a5c
  RxLibrary: 4221196a8cfa5a1cbd182408dd1f3f24930b061c

COCOAPODS: 0.36.0
