
Microsoft Visual Studio Solution File, Format Version 12.00
# Visual Studio 2012
VisualStudioVersion = 12.0.31101.0
MinimumVisualStudioVersion = 10.0.40219.1
Project("{FAE04EC0-301F-11D3-BF4B-00C04F79EFBC}") = "Grpc.Examples", "Grpc.Examples\Grpc.Examples.csproj", "{7DC1433E-3225-42C7-B7EA-546D56E27A4B}"
EndProject
Project("{FAE04EC0-301F-11D3-BF4B-00C04F79EFBC}") = "Grpc.Core", "Grpc.Core\Grpc.Core.csproj", "{CCC4440E-49F7-4790-B0AF-FEABB0837AE7}"
EndProject
Project("{FAE04EC0-301F-11D3-BF4B-00C04F79EFBC}") = "Grpc.Core.Tests", "Grpc.Core.Tests\Grpc.Core.Tests.csproj", "{86EC5CB4-4EA2-40A2-8057-86542A0353BB}"
EndProject
Project("{FAE04EC0-301F-11D3-BF4B-00C04F79EFBC}") = "Grpc.Examples.Tests", "Grpc.Examples.Tests\Grpc.Examples.Tests.csproj", "{143B1C29-C442-4BE0-BF3F-A8F92288AC9F}"
EndProject
Project("{FAE04EC0-301F-11D3-BF4B-00C04F79EFBC}") = "Grpc.Examples.MathClient", "Grpc.Examples.MathClient\Grpc.Examples.MathClient.csproj", "{61ECB8EE-0C96-4F8E-B187-8E4D227417C0}"
EndProject
Project("{FAE04EC0-301F-11D3-BF4B-00C04F79EFBC}") = "Grpc.IntegrationTesting", "Grpc.IntegrationTesting\Grpc.IntegrationTesting.csproj", "{C61154BA-DD4A-4838-8420-0162A28925E0}"
EndProject
Project("{FAE04EC0-301F-11D3-BF4B-00C04F79EFBC}") = "Grpc.IntegrationTesting.Client", "Grpc.IntegrationTesting.Client\Grpc.IntegrationTesting.Client.csproj", "{3D166931-BA2D-416E-95A3-D36E8F6E90B9}"
EndProject
Project("{FAE04EC0-301F-11D3-BF4B-00C04F79EFBC}") = "Grpc.IntegrationTesting.Server", "Grpc.IntegrationTesting.Server\Grpc.IntegrationTesting.Server.csproj", "{A654F3B8-E859-4E6A-B30D-227527DBEF0D}"
EndProject
Project("{FAE04EC0-301F-11D3-BF4B-00C04F79EFBC}") = "Grpc.Examples.MathServer", "Grpc.Examples.MathServer\Grpc.Examples.MathServer.csproj", "{BF62FE08-373A-43D6-9D73-41CAA38B7011}"
EndProject
Project("{FAE04EC0-301F-11D3-BF4B-00C04F79EFBC}") = "Grpc.Auth", "Grpc.Auth\Grpc.Auth.csproj", "{AE21D0EE-9A2C-4C15-AB7F-5224EED5B0EA}"
EndProject
Project("{2150E333-8FDC-42A3-9474-1A3956D46DE8}") = ".nuget", ".nuget", "{B5B87121-35FE-49D1-8CB1-8A91AAA398A9}"
	ProjectSection(SolutionItems) = preProject
		.nuget\packages.config = .nuget\packages.config
	EndProjectSection
EndProject
Project("{FAE04EC0-301F-11D3-BF4B-00C04F79EFBC}") = "Grpc.HealthCheck", "Grpc.HealthCheck\Grpc.HealthCheck.csproj", "{AA5E328A-8835-49D7-98ED-C29F2B3049F0}"
EndProject
Project("{FAE04EC0-301F-11D3-BF4B-00C04F79EFBC}") = "Grpc.HealthCheck.Tests", "Grpc.HealthCheck.Tests\Grpc.HealthCheck.Tests.csproj", "{F8C6D937-C44B-4EE3-A431-B0FBAEACE47D}"
EndProject
Project("{FAE04EC0-301F-11D3-BF4B-00C04F79EFBC}") = "Grpc.IntegrationTesting.QpsWorker", "Grpc.IntegrationTesting.QpsWorker\Grpc.IntegrationTesting.QpsWorker.csproj", "{B82B7DFE-7F7B-40EF-B3D6-064FF2B01294}"
EndProject
Global
	GlobalSection(SolutionConfigurationPlatforms) = preSolution
		Debug|Any CPU = Debug|Any CPU
		Release|Any CPU = Release|Any CPU
		ReleaseSigned|Any CPU = ReleaseSigned|Any CPU
	EndGlobalSection
	GlobalSection(ProjectConfigurationPlatforms) = postSolution
		{143B1C29-C442-4BE0-BF3F-A8F92288AC9F}.Debug|Any CPU.ActiveCfg = Debug|Any CPU
		{143B1C29-C442-4BE0-BF3F-A8F92288AC9F}.Debug|Any CPU.Build.0 = Debug|Any CPU
		{143B1C29-C442-4BE0-BF3F-A8F92288AC9F}.Release|Any CPU.ActiveCfg = Release|Any CPU
		{143B1C29-C442-4BE0-BF3F-A8F92288AC9F}.Release|Any CPU.Build.0 = Release|Any CPU
		{143B1C29-C442-4BE0-BF3F-A8F92288AC9F}.ReleaseSigned|Any CPU.ActiveCfg = ReleaseSigned|Any CPU
		{143B1C29-C442-4BE0-BF3F-A8F92288AC9F}.ReleaseSigned|Any CPU.Build.0 = ReleaseSigned|Any CPU
		{3D166931-BA2D-416E-95A3-D36E8F6E90B9}.Debug|Any CPU.ActiveCfg = Debug|Any CPU
		{3D166931-BA2D-416E-95A3-D36E8F6E90B9}.Debug|Any CPU.Build.0 = Debug|Any CPU
		{3D166931-BA2D-416E-95A3-D36E8F6E90B9}.Release|Any CPU.ActiveCfg = Release|Any CPU
		{3D166931-BA2D-416E-95A3-D36E8F6E90B9}.Release|Any CPU.Build.0 = Release|Any CPU
		{3D166931-BA2D-416E-95A3-D36E8F6E90B9}.ReleaseSigned|Any CPU.ActiveCfg = ReleaseSigned|Any CPU
		{3D166931-BA2D-416E-95A3-D36E8F6E90B9}.ReleaseSigned|Any CPU.Build.0 = ReleaseSigned|Any CPU
		{61ECB8EE-0C96-4F8E-B187-8E4D227417C0}.Debug|Any CPU.ActiveCfg = Debug|Any CPU
		{61ECB8EE-0C96-4F8E-B187-8E4D227417C0}.Debug|Any CPU.Build.0 = Debug|Any CPU
		{61ECB8EE-0C96-4F8E-B187-8E4D227417C0}.Release|Any CPU.ActiveCfg = Release|Any CPU
		{61ECB8EE-0C96-4F8E-B187-8E4D227417C0}.Release|Any CPU.Build.0 = Release|Any CPU
		{61ECB8EE-0C96-4F8E-B187-8E4D227417C0}.ReleaseSigned|Any CPU.ActiveCfg = ReleaseSigned|Any CPU
		{61ECB8EE-0C96-4F8E-B187-8E4D227417C0}.ReleaseSigned|Any CPU.Build.0 = ReleaseSigned|Any CPU
		{7DC1433E-3225-42C7-B7EA-546D56E27A4B}.Debug|Any CPU.ActiveCfg = Debug|Any CPU
		{7DC1433E-3225-42C7-B7EA-546D56E27A4B}.Debug|Any CPU.Build.0 = Debug|Any CPU
		{7DC1433E-3225-42C7-B7EA-546D56E27A4B}.Release|Any CPU.ActiveCfg = Release|Any CPU
		{7DC1433E-3225-42C7-B7EA-546D56E27A4B}.Release|Any CPU.Build.0 = Release|Any CPU
		{7DC1433E-3225-42C7-B7EA-546D56E27A4B}.ReleaseSigned|Any CPU.ActiveCfg = ReleaseSigned|Any CPU
		{7DC1433E-3225-42C7-B7EA-546D56E27A4B}.ReleaseSigned|Any CPU.Build.0 = ReleaseSigned|Any CPU
		{86EC5CB4-4EA2-40A2-8057-86542A0353BB}.Debug|Any CPU.ActiveCfg = Debug|Any CPU
		{86EC5CB4-4EA2-40A2-8057-86542A0353BB}.Debug|Any CPU.Build.0 = Debug|Any CPU
		{86EC5CB4-4EA2-40A2-8057-86542A0353BB}.Release|Any CPU.ActiveCfg = Release|Any CPU
		{86EC5CB4-4EA2-40A2-8057-86542A0353BB}.Release|Any CPU.Build.0 = Release|Any CPU
		{86EC5CB4-4EA2-40A2-8057-86542A0353BB}.ReleaseSigned|Any CPU.ActiveCfg = ReleaseSigned|Any CPU
		{86EC5CB4-4EA2-40A2-8057-86542A0353BB}.ReleaseSigned|Any CPU.Build.0 = ReleaseSigned|Any CPU
		{A654F3B8-E859-4E6A-B30D-227527DBEF0D}.Debug|Any CPU.ActiveCfg = Debug|Any CPU
		{A654F3B8-E859-4E6A-B30D-227527DBEF0D}.Debug|Any CPU.Build.0 = Debug|Any CPU
		{A654F3B8-E859-4E6A-B30D-227527DBEF0D}.Release|Any CPU.ActiveCfg = Release|Any CPU
		{A654F3B8-E859-4E6A-B30D-227527DBEF0D}.Release|Any CPU.Build.0 = Release|Any CPU
		{A654F3B8-E859-4E6A-B30D-227527DBEF0D}.ReleaseSigned|Any CPU.ActiveCfg = ReleaseSigned|Any CPU
		{A654F3B8-E859-4E6A-B30D-227527DBEF0D}.ReleaseSigned|Any CPU.Build.0 = ReleaseSigned|Any CPU
		{AA5E328A-8835-49D7-98ED-C29F2B3049F0}.Debug|Any CPU.ActiveCfg = Debug|Any CPU
		{AA5E328A-8835-49D7-98ED-C29F2B3049F0}.Debug|Any CPU.Build.0 = Debug|Any CPU
		{AA5E328A-8835-49D7-98ED-C29F2B3049F0}.Release|Any CPU.ActiveCfg = Release|Any CPU
		{AA5E328A-8835-49D7-98ED-C29F2B3049F0}.Release|Any CPU.Build.0 = Release|Any CPU
		{AA5E328A-8835-49D7-98ED-C29F2B3049F0}.ReleaseSigned|Any CPU.ActiveCfg = ReleaseSigned|Any CPU
		{AA5E328A-8835-49D7-98ED-C29F2B3049F0}.ReleaseSigned|Any CPU.Build.0 = ReleaseSigned|Any CPU
		{AE21D0EE-9A2C-4C15-AB7F-5224EED5B0EA}.Debug|Any CPU.ActiveCfg = Debug|Any CPU
		{AE21D0EE-9A2C-4C15-AB7F-5224EED5B0EA}.Debug|Any CPU.Build.0 = Debug|Any CPU
		{AE21D0EE-9A2C-4C15-AB7F-5224EED5B0EA}.Release|Any CPU.ActiveCfg = Release|Any CPU
		{AE21D0EE-9A2C-4C15-AB7F-5224EED5B0EA}.Release|Any CPU.Build.0 = Release|Any CPU
		{AE21D0EE-9A2C-4C15-AB7F-5224EED5B0EA}.ReleaseSigned|Any CPU.ActiveCfg = ReleaseSigned|Any CPU
		{AE21D0EE-9A2C-4C15-AB7F-5224EED5B0EA}.ReleaseSigned|Any CPU.Build.0 = ReleaseSigned|Any CPU
		{B82B7DFE-7F7B-40EF-B3D6-064FF2B01294}.Debug|Any CPU.ActiveCfg = Debug|Any CPU
		{B82B7DFE-7F7B-40EF-B3D6-064FF2B01294}.Debug|Any CPU.Build.0 = Debug|Any CPU
		{B82B7DFE-7F7B-40EF-B3D6-064FF2B01294}.Release|Any CPU.ActiveCfg = Release|Any CPU
		{B82B7DFE-7F7B-40EF-B3D6-064FF2B01294}.Release|Any CPU.Build.0 = Release|Any CPU
		{B82B7DFE-7F7B-40EF-B3D6-064FF2B01294}.ReleaseSigned|Any CPU.ActiveCfg = Release|Any CPU
		{B82B7DFE-7F7B-40EF-B3D6-064FF2B01294}.ReleaseSigned|Any CPU.Build.0 = Release|Any CPU
		{BF62FE08-373A-43D6-9D73-41CAA38B7011}.Debug|Any CPU.ActiveCfg = Debug|Any CPU
		{BF62FE08-373A-43D6-9D73-41CAA38B7011}.Debug|Any CPU.Build.0 = Debug|Any CPU
		{BF62FE08-373A-43D6-9D73-41CAA38B7011}.Release|Any CPU.ActiveCfg = Release|Any CPU
		{BF62FE08-373A-43D6-9D73-41CAA38B7011}.Release|Any CPU.Build.0 = Release|Any CPU
		{BF62FE08-373A-43D6-9D73-41CAA38B7011}.ReleaseSigned|Any CPU.ActiveCfg = ReleaseSigned|Any CPU
		{BF62FE08-373A-43D6-9D73-41CAA38B7011}.ReleaseSigned|Any CPU.Build.0 = ReleaseSigned|Any CPU
		{C61154BA-DD4A-4838-8420-0162A28925E0}.Debug|Any CPU.ActiveCfg = Debug|Any CPU
		{C61154BA-DD4A-4838-8420-0162A28925E0}.Debug|Any CPU.Build.0 = Debug|Any CPU
		{C61154BA-DD4A-4838-8420-0162A28925E0}.Release|Any CPU.ActiveCfg = Release|Any CPU
		{C61154BA-DD4A-4838-8420-0162A28925E0}.Release|Any CPU.Build.0 = Release|Any CPU
		{C61154BA-DD4A-4838-8420-0162A28925E0}.ReleaseSigned|Any CPU.ActiveCfg = ReleaseSigned|Any CPU
		{C61154BA-DD4A-4838-8420-0162A28925E0}.ReleaseSigned|Any CPU.Build.0 = ReleaseSigned|Any CPU
		{CCC4440E-49F7-4790-B0AF-FEABB0837AE7}.Debug|Any CPU.ActiveCfg = Debug|Any CPU
		{CCC4440E-49F7-4790-B0AF-FEABB0837AE7}.Debug|Any CPU.Build.0 = Debug|Any CPU
		{CCC4440E-49F7-4790-B0AF-FEABB0837AE7}.Release|Any CPU.ActiveCfg = Release|Any CPU
		{CCC4440E-49F7-4790-B0AF-FEABB0837AE7}.Release|Any CPU.Build.0 = Release|Any CPU
		{CCC4440E-49F7-4790-B0AF-FEABB0837AE7}.ReleaseSigned|Any CPU.ActiveCfg = ReleaseSigned|Any CPU
		{CCC4440E-49F7-4790-B0AF-FEABB0837AE7}.ReleaseSigned|Any CPU.Build.0 = ReleaseSigned|Any CPU
		{F8C6D937-C44B-4EE3-A431-B0FBAEACE47D}.Debug|Any CPU.ActiveCfg = Debug|Any CPU
		{F8C6D937-C44B-4EE3-A431-B0FBAEACE47D}.Debug|Any CPU.Build.0 = Debug|Any CPU
		{F8C6D937-C44B-4EE3-A431-B0FBAEACE47D}.Release|Any CPU.ActiveCfg = Release|Any CPU
		{F8C6D937-C44B-4EE3-A431-B0FBAEACE47D}.Release|Any CPU.Build.0 = Release|Any CPU
		{F8C6D937-C44B-4EE3-A431-B0FBAEACE47D}.ReleaseSigned|Any CPU.ActiveCfg = ReleaseSigned|Any CPU
		{F8C6D937-C44B-4EE3-A431-B0FBAEACE47D}.ReleaseSigned|Any CPU.Build.0 = ReleaseSigned|Any CPU
	EndGlobalSection
	GlobalSection(NestedProjects) = preSolution
	EndGlobalSection
	GlobalSection(SolutionProperties) = preSolution
		HideSolutionNode = FALSE
	EndGlobalSection
EndGlobal
