<?xml version="1.0" encoding="utf-8"?>
<Project ToolsVersion="16.0" xmlns="http://schemas.microsoft.com/developer/msbuild/2003">
  <ItemGroup>
    <ClCompile Include="C:\Code\grpc\src\cpp\server\channelz\channelz_service.cc">
      <Filter>Source Files</Filter>
    </ClCompile>
    <ClCompile Include="C:\Code\grpc\src\cpp\server\channelz\channelz_service_plugin.cc">
      <Filter>Source Files</Filter>
    </ClCompile>
    <ClCompile Include="C:\Code\grpc\gens\src\proto\grpc\channelz\channelz.pb.cc">
      <Filter>Source Files</Filter>
    </ClCompile>
    <ClCompile Include="C:\Code\grpc\gens\src\proto\grpc\channelz\channelz.grpc.pb.cc">
      <Filter>Source Files</Filter>
    </ClCompile>
  </ItemGroup>
  <ItemGroup>
    <ClInclude Include="C:\Code\grpc\gens\src\proto\grpc\channelz\channelz.pb.h">
      <Filter>Header Files</Filter>
    </ClInclude>
    <ClInclude Include="C:\Code\grpc\gens\src\proto\grpc\channelz\channelz.grpc.pb.h">
      <Filter>Header Files</Filter>
    </ClInclude>
  </ItemGroup>
  <ItemGroup>
    <CustomBuild Include="C:\Code\grpc\CMakeFiles\8abb82d9b287daeb9cbf41efb943853b\channelz.grpc.pb.cc.rule">
      <Filter>CMake Rules</Filter>
    </CustomBuild>
    <CustomBuild Include="C:\Code\grpc\CMakeLists.txt" />
  </ItemGroup>
  <ItemGroup>
    <Filter Include="CMake Rules">
      <UniqueIdentifier>{870DBD13-69C5-3F27-A253-623E8947E2E7}</UniqueIdentifier>
    </Filter>
    <Filter Include="Header Files">
      <UniqueIdentifier>{67AA517E-A3B4-3BFF-B690-252465A3B876}</UniqueIdentifier>
    </Filter>
    <Filter Include="Source Files">
      <UniqueIdentifier>{B3AFD131-5BE8-3F8D-8C68-1BD558A25862}</UniqueIdentifier>
    </Filter>
  </ItemGroup>
</Project>
