<?xml version="1.0" encoding="utf-8"?>
<Project ToolsVersion="4.0" xmlns="http://schemas.microsoft.com/developer/msbuild/2003">
  <ItemGroup>
    <ClCompile Include="..\..\..\..\test\core\end2end\tests\no_op.c">
      <Filter>test\core\end2end\tests</Filter>
    </ClCompile>
  </ItemGroup>
  <ItemGroup>
    <ClInclude Include="..\..\..\..\test\core\end2end\tests\cancel_test_helpers.h">
      <Filter>test\core\end2end\tests</Filter>
    </ClInclude>
    <ClInclude Include="..\..\..\..\test\core\end2end\end2end_tests.h">
      <Filter>test\core\end2end</Filter>
    </ClInclude>
  </ItemGroup>

  <ItemGroup>
    <Filter Include="test">
      <UniqueIdentifier>{5e36a23f-790e-025b-fe36-7a2864c27e7b}</UniqueIdentifier>
    </Filter>
    <Filter Include="test\core">
      <UniqueIdentifier>{a2f4cbd6-4eca-f4f3-0873-febe8e51207a}</UniqueIdentifier>
    </Filter>
    <Filter Include="test\core\end2end">
      <UniqueIdentifier>{7322a8f0-1380-979c-48a0-978ef3f09dca}</UniqueIdentifier>
    </Filter>
    <Filter Include="test\core\end2end\tests">
      <UniqueIdentifier>{1b20b2c0-3609-3394-9025-ae7d49d80b82}</UniqueIdentifier>
    </Filter>
  </ItemGroup>
</Project>

