<?xml version="1.0" encoding="utf-8"?>
<Project ToolsVersion="4.0" xmlns="http://schemas.microsoft.com/developer/msbuild/2003">
  <ItemGroup>
    <ClCompile Include="$(SolutionDir)\..\test\core\bad_client\bad_client.c">
      <Filter>test\core\bad_client</Filter>
    </ClCompile>
  </ItemGroup>
  <ItemGroup>
    <ClInclude Include="$(SolutionDir)\..\test\core\bad_client\bad_client.h">
      <Filter>test\core\bad_client</Filter>
    </ClInclude>
  </ItemGroup>

  <ItemGroup>
    <Filter Include="test">
      <UniqueIdentifier>{a32bd132-5133-e045-040a-b9d80172e041}</UniqueIdentifier>
    </Filter>
    <Filter Include="test\core">
      <UniqueIdentifier>{06835b8e-ba0f-1b9d-f0bb-c57d723b2c1a}</UniqueIdentifier>
    </Filter>
    <Filter Include="test\core\bad_client">
      <UniqueIdentifier>{ec29d41a-4e11-8a09-5c89-a6c3e6191c9b}</UniqueIdentifier>
    </Filter>
  </ItemGroup>
</Project>

