<?xml version="1.0" encoding="utf-8"?>
<Project ToolsVersion="4.0" xmlns="http://schemas.microsoft.com/developer/msbuild/2003">
  <ItemGroup>
    <ClCompile Include="..\..\..\..\test\core\end2end\tests\graceful_server_shutdown.c">
      <Filter>test\core\end2end\tests</Filter>
    </ClCompile>
  </ItemGroup>
  <ItemGroup>
    <ClInclude Include="..\..\..\..\test\core\end2end\tests\cancel_test_helpers.h">
      <Filter>test\core\end2end\tests</Filter>
    </ClInclude>
    <ClInclude Include="..\..\..\..\test\core\end2end\end2end_tests.h">
      <Filter>test\core\end2end</Filter>
    </ClInclude>
  </ItemGroup>

  <ItemGroup>
    <Filter Include="test">
      <UniqueIdentifier>{a763e156-7bdd-101d-e602-2fd75795d0d5}</UniqueIdentifier>
    </Filter>
    <Filter Include="test\core">
      <UniqueIdentifier>{5d51f035-05c2-622b-fa75-6b9b3563c465}</UniqueIdentifier>
    </Filter>
    <Filter Include="test\core\end2end">
      <UniqueIdentifier>{39631856-5c55-9b16-30bb-2e79cd6a0cfa}</UniqueIdentifier>
    </Filter>
    <Filter Include="test\core\end2end\tests">
      <UniqueIdentifier>{659dac03-d8d4-c15d-5976-a16c1253fbbd}</UniqueIdentifier>
    </Filter>
  </ItemGroup>
</Project>

