<?xml version="1.0" encoding="utf-8"?>
<Project ToolsVersion="4.0" xmlns="http://schemas.microsoft.com/developer/msbuild/2003">
  <ItemGroup>
    <ClCompile Include="$(SolutionDir)\..\test\core\support\mpscq_test.c">
      <Filter>test\core\support</Filter>
    </ClCompile>
  </ItemGroup>

  <ItemGroup>
    <Filter Include="test">
      <UniqueIdentifier>{e82fb80c-10ba-2959-55d6-8653715f1e4f}</UniqueIdentifier>
    </Filter>
    <Filter Include="test\core">
      <UniqueIdentifier>{32120233-25e6-f3e4-f828-c6408d47ec04}</UniqueIdentifier>
    </Filter>
    <Filter Include="test\core\support">
      <UniqueIdentifier>{aa3a22bc-229a-c00a-dd4a-924c818c6a49}</UniqueIdentifier>
    </Filter>
  </ItemGroup>
</Project>

