<?xml version="1.0" encoding="utf-8"?>
<Project ToolsVersion="4.0" xmlns="http://schemas.microsoft.com/developer/msbuild/2003">
  <ItemGroup>
    <ClCompile Include="..\..\..\..\test\core\end2end\tests\shutdown_finishes_calls.c">
      <Filter>test\core\end2end\tests</Filter>
    </ClCompile>
  </ItemGroup>
  <ItemGroup>
    <ClInclude Include="..\..\..\..\test\core\end2end\tests\cancel_test_helpers.h">
      <Filter>test\core\end2end\tests</Filter>
    </ClInclude>
    <ClInclude Include="..\..\..\..\test\core\end2end\end2end_tests.h">
      <Filter>test\core\end2end</Filter>
    </ClInclude>
  </ItemGroup>

  <ItemGroup>
    <Filter Include="test">
      <UniqueIdentifier>{0f0c95e9-4dbb-7041-a431-5a8acd4ba6ac}</UniqueIdentifier>
    </Filter>
    <Filter Include="test\core">
      <UniqueIdentifier>{834969bc-b400-00f5-e62b-60e16a35e112}</UniqueIdentifier>
    </Filter>
    <Filter Include="test\core\end2end">
      <UniqueIdentifier>{0aae8c06-009b-7f90-fdcc-d2bbc569dc5f}</UniqueIdentifier>
    </Filter>
    <Filter Include="test\core\end2end\tests">
      <UniqueIdentifier>{44c38ed8-f02c-3059-dbab-3fe875dde118}</UniqueIdentifier>
    </Filter>
  </ItemGroup>
</Project>

