<?xml version="1.0" encoding="utf-8"?>
<Project ToolsVersion="4.0" xmlns="http://schemas.microsoft.com/developer/msbuild/2003">
  <ItemGroup>
    <ClCompile Include="$(SolutionDir)\..\test\core\end2end\fixtures\h2_ssl+1byte.c">
      <Filter>test\core\end2end\fixtures</Filter>
    </ClCompile>
  </ItemGroup>

  <ItemGroup>
    <Filter Include="test">
      <UniqueIdentifier>{1d0026ee-76c8-1907-6162-14b0141caafe}</UniqueIdentifier>
    </Filter>
    <Filter Include="test\core">
      <UniqueIdentifier>{27c834ab-3407-637a-fe7d-6e1322abc7ce}</UniqueIdentifier>
    </Filter>
    <Filter Include="test\core\end2end">
      <UniqueIdentifier>{1fbf20e7-2b12-1f5d-bd42-210277be856f}</UniqueIdentifier>
    </Filter>
    <Filter Include="test\core\end2end\fixtures">
      <UniqueIdentifier>{e610ce49-7f34-103e-6dea-a933b63af02c}</UniqueIdentifier>
    </Filter>
  </ItemGroup>
</Project>

