<?xml version="1.0" encoding="utf-8"?>
<Project ToolsVersion="4.0" xmlns="http://schemas.microsoft.com/developer/msbuild/2003">
  <ItemGroup>
    <ClCompile Include="$(SolutionDir)\..\third_party\boringssl\crypto\x509\x509_test.cc">
      <Filter>third_party\boringssl\crypto\x509</Filter>
    </ClCompile>
  </ItemGroup>

  <ItemGroup>
    <Filter Include="third_party">
      <UniqueIdentifier>{0a04403f-6935-8e9c-c271-cfcb728d6dd3}</UniqueIdentifier>
    </Filter>
    <Filter Include="third_party\boringssl">
      <UniqueIdentifier>{8ffac2f8-0d1d-00df-018c-56100e9842f7}</UniqueIdentifier>
    </Filter>
    <Filter Include="third_party\boringssl\crypto">
      <UniqueIdentifier>{2d1857b4-2355-6af6-b6c8-b33f3ec27013}</UniqueIdentifier>
    </Filter>
    <Filter Include="third_party\boringssl\crypto\x509">
      <UniqueIdentifier>{615f50f9-1415-e8e4-49ec-987a5772c7ee}</UniqueIdentifier>
    </Filter>
  </ItemGroup>
</Project>

