<?xml version="1.0" encoding="utf-8"?>
<Project ToolsVersion="4.0" xmlns="http://schemas.microsoft.com/developer/msbuild/2003">
  <ItemGroup>
    <ClCompile Include="$(SolutionDir)\..\third_party\boringssl\src\crypto\x509\x509_test.cc">
      <Filter>third_party\boringssl\src\crypto\x509</Filter>
    </ClCompile>
  </ItemGroup>

  <ItemGroup>
    <Filter Include="third_party">
      <UniqueIdentifier>{0a04403f-6935-8e9c-c271-cfcb728d6dd3}</UniqueIdentifier>
    </Filter>
    <Filter Include="third_party\boringssl">
      <UniqueIdentifier>{8ffac2f8-0d1d-00df-018c-56100e9842f7}</UniqueIdentifier>
    </Filter>
    <Filter Include="third_party\boringssl\src">
      <UniqueIdentifier>{4f1408e4-6b6f-8339-334c-21262e0bf3c8}</UniqueIdentifier>
    </Filter>
    <Filter Include="third_party\boringssl\src\crypto">
      <UniqueIdentifier>{d50ff22d-2cdb-a03b-95f7-e83b16221ff7}</UniqueIdentifier>
    </Filter>
    <Filter Include="third_party\boringssl\src\crypto\x509">
      <UniqueIdentifier>{8e616a6e-f1b6-cef2-19cf-16489cdba1a1}</UniqueIdentifier>
    </Filter>
  </ItemGroup>
</Project>

