<?xml version="1.0" encoding="utf-8"?>
<Project ToolsVersion="4.0" xmlns="http://schemas.microsoft.com/developer/msbuild/2003">
  <ItemGroup>
    <ClCompile Include="$(SolutionDir)\..\src\proto\grpc\testing\echo_messages.proto">
      <Filter>src\proto\grpc\testing</Filter>
    </ClCompile>
    <ClCompile Include="$(SolutionDir)\..\test\cpp\util\error_details_test.cc">
      <Filter>test\cpp\util</Filter>
    </ClCompile>
  </ItemGroup>

  <ItemGroup>
    <Filter Include="src">
      <UniqueIdentifier>{35c957dd-436b-c57a-791d-2737bc179e41}</UniqueIdentifier>
    </Filter>
    <Filter Include="src\proto">
      <UniqueIdentifier>{c8721123-0390-f97d-5aad-0dd4979d5030}</UniqueIdentifier>
    </Filter>
    <Filter Include="src\proto\grpc">
      <UniqueIdentifier>{6dbad4a6-6b97-b25a-4f89-6edb20a1e7e0}</UniqueIdentifier>
    </Filter>
    <Filter Include="src\proto\grpc\testing">
      <UniqueIdentifier>{5f343032-7701-4924-a1d2-06f46d52d1b3}</UniqueIdentifier>
    </Filter>
    <Filter Include="test">
      <UniqueIdentifier>{688e4f7d-b9aa-342c-ffa7-2ee3ca51cd42}</UniqueIdentifier>
    </Filter>
    <Filter Include="test\cpp">
      <UniqueIdentifier>{a4e0ed0a-c1bb-60d6-003b-91c3989f6e6e}</UniqueIdentifier>
    </Filter>
    <Filter Include="test\cpp\util">
      <UniqueIdentifier>{60a99fd3-4904-d29f-b456-7f601092d055}</UniqueIdentifier>
    </Filter>
  </ItemGroup>
</Project>

