<?xml version="1.0" encoding="utf-8"?>
<Project ToolsVersion="4.0" xmlns="http://schemas.microsoft.com/developer/msbuild/2003">
  <ItemGroup>
    <ClCompile Include="$(SolutionDir)\..\src\core\lib\surface\init.c">
      <Filter>src\core\lib\surface</Filter>
    </ClCompile>
    <ClCompile Include="$(SolutionDir)\..\src\core\lib\surface\init_unsecure.c">
      <Filter>src\core\lib\surface</Filter>
    </ClCompile>
    <ClCompile Include="$(SolutionDir)\..\src\core\lib\channel\channel_args.c">
      <Filter>src\core\lib\channel</Filter>
    </ClCompile>
    <ClCompile Include="$(SolutionDir)\..\src\core\lib\channel\channel_stack.c">
      <Filter>src\core\lib\channel</Filter>
    </ClCompile>
    <ClCompile Include="$(SolutionDir)\..\src\core\lib\channel\channel_stack_builder.c">
      <Filter>src\core\lib\channel</Filter>
    </ClCompile>
    <ClCompile Include="$(SolutionDir)\..\src\core\lib\channel\compress_filter.c">
      <Filter>src\core\lib\channel</Filter>
    </ClCompile>
    <ClCompile Include="$(SolutionDir)\..\src\core\lib\channel\connected_channel.c">
      <Filter>src\core\lib\channel</Filter>
    </ClCompile>
    <ClCompile Include="$(SolutionDir)\..\src\core\lib\channel\deadline_filter.c">
      <Filter>src\core\lib\channel</Filter>
    </ClCompile>
    <ClCompile Include="$(SolutionDir)\..\src\core\lib\channel\handshaker.c">
      <Filter>src\core\lib\channel</Filter>
    </ClCompile>
    <ClCompile Include="$(SolutionDir)\..\src\core\lib\channel\handshaker_factory.c">
      <Filter>src\core\lib\channel</Filter>
    </ClCompile>
    <ClCompile Include="$(SolutionDir)\..\src\core\lib\channel\handshaker_registry.c">
      <Filter>src\core\lib\channel</Filter>
    </ClCompile>
    <ClCompile Include="$(SolutionDir)\..\src\core\lib\channel\http_client_filter.c">
      <Filter>src\core\lib\channel</Filter>
    </ClCompile>
    <ClCompile Include="$(SolutionDir)\..\src\core\lib\channel\http_server_filter.c">
      <Filter>src\core\lib\channel</Filter>
    </ClCompile>
    <ClCompile Include="$(SolutionDir)\..\src\core\lib\channel\message_size_filter.c">
      <Filter>src\core\lib\channel</Filter>
    </ClCompile>
    <ClCompile Include="$(SolutionDir)\..\src\core\lib\compression\compression.c">
      <Filter>src\core\lib\compression</Filter>
    </ClCompile>
    <ClCompile Include="$(SolutionDir)\..\src\core\lib\compression\message_compress.c">
      <Filter>src\core\lib\compression</Filter>
    </ClCompile>
    <ClCompile Include="$(SolutionDir)\..\src\core\lib\debug\trace.c">
      <Filter>src\core\lib\debug</Filter>
    </ClCompile>
    <ClCompile Include="$(SolutionDir)\..\src\core\lib\http\format_request.c">
      <Filter>src\core\lib\http</Filter>
    </ClCompile>
    <ClCompile Include="$(SolutionDir)\..\src\core\lib\http\httpcli.c">
      <Filter>src\core\lib\http</Filter>
    </ClCompile>
    <ClCompile Include="$(SolutionDir)\..\src\core\lib\http\parser.c">
      <Filter>src\core\lib\http</Filter>
    </ClCompile>
    <ClCompile Include="$(SolutionDir)\..\src\core\lib\iomgr\closure.c">
      <Filter>src\core\lib\iomgr</Filter>
    </ClCompile>
    <ClCompile Include="$(SolutionDir)\..\src\core\lib\iomgr\combiner.c">
      <Filter>src\core\lib\iomgr</Filter>
    </ClCompile>
    <ClCompile Include="$(SolutionDir)\..\src\core\lib\iomgr\endpoint.c">
      <Filter>src\core\lib\iomgr</Filter>
    </ClCompile>
    <ClCompile Include="$(SolutionDir)\..\src\core\lib\iomgr\endpoint_pair_posix.c">
      <Filter>src\core\lib\iomgr</Filter>
    </ClCompile>
    <ClCompile Include="$(SolutionDir)\..\src\core\lib\iomgr\endpoint_pair_uv.c">
      <Filter>src\core\lib\iomgr</Filter>
    </ClCompile>
    <ClCompile Include="$(SolutionDir)\..\src\core\lib\iomgr\endpoint_pair_windows.c">
      <Filter>src\core\lib\iomgr</Filter>
    </ClCompile>
    <ClCompile Include="$(SolutionDir)\..\src\core\lib\iomgr\error.c">
      <Filter>src\core\lib\iomgr</Filter>
    </ClCompile>
    <ClCompile Include="$(SolutionDir)\..\src\core\lib\iomgr\ev_epoll_linux.c">
      <Filter>src\core\lib\iomgr</Filter>
    </ClCompile>
    <ClCompile Include="$(SolutionDir)\..\src\core\lib\iomgr\ev_poll_posix.c">
      <Filter>src\core\lib\iomgr</Filter>
    </ClCompile>
    <ClCompile Include="$(SolutionDir)\..\src\core\lib\iomgr\ev_posix.c">
      <Filter>src\core\lib\iomgr</Filter>
    </ClCompile>
    <ClCompile Include="$(SolutionDir)\..\src\core\lib\iomgr\exec_ctx.c">
      <Filter>src\core\lib\iomgr</Filter>
    </ClCompile>
    <ClCompile Include="$(SolutionDir)\..\src\core\lib\iomgr\executor.c">
      <Filter>src\core\lib\iomgr</Filter>
    </ClCompile>
    <ClCompile Include="$(SolutionDir)\..\src\core\lib\iomgr\iocp_windows.c">
      <Filter>src\core\lib\iomgr</Filter>
    </ClCompile>
    <ClCompile Include="$(SolutionDir)\..\src\core\lib\iomgr\iomgr.c">
      <Filter>src\core\lib\iomgr</Filter>
    </ClCompile>
    <ClCompile Include="$(SolutionDir)\..\src\core\lib\iomgr\iomgr_posix.c">
      <Filter>src\core\lib\iomgr</Filter>
    </ClCompile>
    <ClCompile Include="$(SolutionDir)\..\src\core\lib\iomgr\iomgr_uv.c">
      <Filter>src\core\lib\iomgr</Filter>
    </ClCompile>
    <ClCompile Include="$(SolutionDir)\..\src\core\lib\iomgr\iomgr_windows.c">
      <Filter>src\core\lib\iomgr</Filter>
    </ClCompile>
    <ClCompile Include="$(SolutionDir)\..\src\core\lib\iomgr\load_file.c">
      <Filter>src\core\lib\iomgr</Filter>
    </ClCompile>
    <ClCompile Include="$(SolutionDir)\..\src\core\lib\iomgr\lockfree_event.c">
      <Filter>src\core\lib\iomgr</Filter>
    </ClCompile>
    <ClCompile Include="$(SolutionDir)\..\src\core\lib\iomgr\network_status_tracker.c">
      <Filter>src\core\lib\iomgr</Filter>
    </ClCompile>
    <ClCompile Include="$(SolutionDir)\..\src\core\lib\iomgr\polling_entity.c">
      <Filter>src\core\lib\iomgr</Filter>
    </ClCompile>
    <ClCompile Include="$(SolutionDir)\..\src\core\lib\iomgr\pollset_set_uv.c">
      <Filter>src\core\lib\iomgr</Filter>
    </ClCompile>
    <ClCompile Include="$(SolutionDir)\..\src\core\lib\iomgr\pollset_set_windows.c">
      <Filter>src\core\lib\iomgr</Filter>
    </ClCompile>
    <ClCompile Include="$(SolutionDir)\..\src\core\lib\iomgr\pollset_uv.c">
      <Filter>src\core\lib\iomgr</Filter>
    </ClCompile>
    <ClCompile Include="$(SolutionDir)\..\src\core\lib\iomgr\pollset_windows.c">
      <Filter>src\core\lib\iomgr</Filter>
    </ClCompile>
    <ClCompile Include="$(SolutionDir)\..\src\core\lib\iomgr\resolve_address_posix.c">
      <Filter>src\core\lib\iomgr</Filter>
    </ClCompile>
    <ClCompile Include="$(SolutionDir)\..\src\core\lib\iomgr\resolve_address_uv.c">
      <Filter>src\core\lib\iomgr</Filter>
    </ClCompile>
    <ClCompile Include="$(SolutionDir)\..\src\core\lib\iomgr\resolve_address_windows.c">
      <Filter>src\core\lib\iomgr</Filter>
    </ClCompile>
    <ClCompile Include="$(SolutionDir)\..\src\core\lib\iomgr\resource_quota.c">
      <Filter>src\core\lib\iomgr</Filter>
    </ClCompile>
    <ClCompile Include="$(SolutionDir)\..\src\core\lib\iomgr\sockaddr_utils.c">
      <Filter>src\core\lib\iomgr</Filter>
    </ClCompile>
    <ClCompile Include="$(SolutionDir)\..\src\core\lib\iomgr\socket_factory_posix.c">
      <Filter>src\core\lib\iomgr</Filter>
    </ClCompile>
    <ClCompile Include="$(SolutionDir)\..\src\core\lib\iomgr\socket_mutator.c">
      <Filter>src\core\lib\iomgr</Filter>
    </ClCompile>
    <ClCompile Include="$(SolutionDir)\..\src\core\lib\iomgr\socket_utils_common_posix.c">
      <Filter>src\core\lib\iomgr</Filter>
    </ClCompile>
    <ClCompile Include="$(SolutionDir)\..\src\core\lib\iomgr\socket_utils_linux.c">
      <Filter>src\core\lib\iomgr</Filter>
    </ClCompile>
    <ClCompile Include="$(SolutionDir)\..\src\core\lib\iomgr\socket_utils_posix.c">
      <Filter>src\core\lib\iomgr</Filter>
    </ClCompile>
    <ClCompile Include="$(SolutionDir)\..\src\core\lib\iomgr\socket_utils_uv.c">
      <Filter>src\core\lib\iomgr</Filter>
    </ClCompile>
    <ClCompile Include="$(SolutionDir)\..\src\core\lib\iomgr\socket_utils_windows.c">
      <Filter>src\core\lib\iomgr</Filter>
    </ClCompile>
    <ClCompile Include="$(SolutionDir)\..\src\core\lib\iomgr\socket_windows.c">
      <Filter>src\core\lib\iomgr</Filter>
    </ClCompile>
    <ClCompile Include="$(SolutionDir)\..\src\core\lib\iomgr\tcp_client_posix.c">
      <Filter>src\core\lib\iomgr</Filter>
    </ClCompile>
    <ClCompile Include="$(SolutionDir)\..\src\core\lib\iomgr\tcp_client_uv.c">
      <Filter>src\core\lib\iomgr</Filter>
    </ClCompile>
    <ClCompile Include="$(SolutionDir)\..\src\core\lib\iomgr\tcp_client_windows.c">
      <Filter>src\core\lib\iomgr</Filter>
    </ClCompile>
    <ClCompile Include="$(SolutionDir)\..\src\core\lib\iomgr\tcp_posix.c">
      <Filter>src\core\lib\iomgr</Filter>
    </ClCompile>
    <ClCompile Include="$(SolutionDir)\..\src\core\lib\iomgr\tcp_server_posix.c">
      <Filter>src\core\lib\iomgr</Filter>
    </ClCompile>
    <ClCompile Include="$(SolutionDir)\..\src\core\lib\iomgr\tcp_server_utils_posix_common.c">
      <Filter>src\core\lib\iomgr</Filter>
    </ClCompile>
    <ClCompile Include="$(SolutionDir)\..\src\core\lib\iomgr\tcp_server_utils_posix_ifaddrs.c">
      <Filter>src\core\lib\iomgr</Filter>
    </ClCompile>
    <ClCompile Include="$(SolutionDir)\..\src\core\lib\iomgr\tcp_server_utils_posix_noifaddrs.c">
      <Filter>src\core\lib\iomgr</Filter>
    </ClCompile>
    <ClCompile Include="$(SolutionDir)\..\src\core\lib\iomgr\tcp_server_uv.c">
      <Filter>src\core\lib\iomgr</Filter>
    </ClCompile>
    <ClCompile Include="$(SolutionDir)\..\src\core\lib\iomgr\tcp_server_windows.c">
      <Filter>src\core\lib\iomgr</Filter>
    </ClCompile>
    <ClCompile Include="$(SolutionDir)\..\src\core\lib\iomgr\tcp_uv.c">
      <Filter>src\core\lib\iomgr</Filter>
    </ClCompile>
    <ClCompile Include="$(SolutionDir)\..\src\core\lib\iomgr\tcp_windows.c">
      <Filter>src\core\lib\iomgr</Filter>
    </ClCompile>
    <ClCompile Include="$(SolutionDir)\..\src\core\lib\iomgr\time_averaged_stats.c">
      <Filter>src\core\lib\iomgr</Filter>
    </ClCompile>
    <ClCompile Include="$(SolutionDir)\..\src\core\lib\iomgr\timer_generic.c">
      <Filter>src\core\lib\iomgr</Filter>
    </ClCompile>
    <ClCompile Include="$(SolutionDir)\..\src\core\lib\iomgr\timer_heap.c">
      <Filter>src\core\lib\iomgr</Filter>
    </ClCompile>
    <ClCompile Include="$(SolutionDir)\..\src\core\lib\iomgr\timer_uv.c">
      <Filter>src\core\lib\iomgr</Filter>
    </ClCompile>
    <ClCompile Include="$(SolutionDir)\..\src\core\lib\iomgr\udp_server.c">
      <Filter>src\core\lib\iomgr</Filter>
    </ClCompile>
    <ClCompile Include="$(SolutionDir)\..\src\core\lib\iomgr\unix_sockets_posix.c">
      <Filter>src\core\lib\iomgr</Filter>
    </ClCompile>
    <ClCompile Include="$(SolutionDir)\..\src\core\lib\iomgr\unix_sockets_posix_noop.c">
      <Filter>src\core\lib\iomgr</Filter>
    </ClCompile>
    <ClCompile Include="$(SolutionDir)\..\src\core\lib\iomgr\wakeup_fd_cv.c">
      <Filter>src\core\lib\iomgr</Filter>
    </ClCompile>
    <ClCompile Include="$(SolutionDir)\..\src\core\lib\iomgr\wakeup_fd_eventfd.c">
      <Filter>src\core\lib\iomgr</Filter>
    </ClCompile>
    <ClCompile Include="$(SolutionDir)\..\src\core\lib\iomgr\wakeup_fd_nospecial.c">
      <Filter>src\core\lib\iomgr</Filter>
    </ClCompile>
    <ClCompile Include="$(SolutionDir)\..\src\core\lib\iomgr\wakeup_fd_pipe.c">
      <Filter>src\core\lib\iomgr</Filter>
    </ClCompile>
    <ClCompile Include="$(SolutionDir)\..\src\core\lib\iomgr\wakeup_fd_posix.c">
      <Filter>src\core\lib\iomgr</Filter>
    </ClCompile>
    <ClCompile Include="$(SolutionDir)\..\src\core\lib\iomgr\workqueue_uv.c">
      <Filter>src\core\lib\iomgr</Filter>
    </ClCompile>
    <ClCompile Include="$(SolutionDir)\..\src\core\lib\iomgr\workqueue_windows.c">
      <Filter>src\core\lib\iomgr</Filter>
    </ClCompile>
    <ClCompile Include="$(SolutionDir)\..\src\core\lib\json\json.c">
      <Filter>src\core\lib\json</Filter>
    </ClCompile>
    <ClCompile Include="$(SolutionDir)\..\src\core\lib\json\json_reader.c">
      <Filter>src\core\lib\json</Filter>
    </ClCompile>
    <ClCompile Include="$(SolutionDir)\..\src\core\lib\json\json_string.c">
      <Filter>src\core\lib\json</Filter>
    </ClCompile>
    <ClCompile Include="$(SolutionDir)\..\src\core\lib\json\json_writer.c">
      <Filter>src\core\lib\json</Filter>
    </ClCompile>
    <ClCompile Include="$(SolutionDir)\..\src\core\lib\slice\b64.c">
      <Filter>src\core\lib\slice</Filter>
    </ClCompile>
    <ClCompile Include="$(SolutionDir)\..\src\core\lib\slice\percent_encoding.c">
      <Filter>src\core\lib\slice</Filter>
    </ClCompile>
    <ClCompile Include="$(SolutionDir)\..\src\core\lib\slice\slice.c">
      <Filter>src\core\lib\slice</Filter>
    </ClCompile>
    <ClCompile Include="$(SolutionDir)\..\src\core\lib\slice\slice_buffer.c">
      <Filter>src\core\lib\slice</Filter>
    </ClCompile>
    <ClCompile Include="$(SolutionDir)\..\src\core\lib\slice\slice_hash_table.c">
      <Filter>src\core\lib\slice</Filter>
    </ClCompile>
    <ClCompile Include="$(SolutionDir)\..\src\core\lib\slice\slice_intern.c">
      <Filter>src\core\lib\slice</Filter>
    </ClCompile>
    <ClCompile Include="$(SolutionDir)\..\src\core\lib\slice\slice_string_helpers.c">
      <Filter>src\core\lib\slice</Filter>
    </ClCompile>
    <ClCompile Include="$(SolutionDir)\..\src\core\lib\surface\alarm.c">
      <Filter>src\core\lib\surface</Filter>
    </ClCompile>
    <ClCompile Include="$(SolutionDir)\..\src\core\lib\surface\api_trace.c">
      <Filter>src\core\lib\surface</Filter>
    </ClCompile>
    <ClCompile Include="$(SolutionDir)\..\src\core\lib\surface\byte_buffer.c">
      <Filter>src\core\lib\surface</Filter>
    </ClCompile>
    <ClCompile Include="$(SolutionDir)\..\src\core\lib\surface\byte_buffer_reader.c">
      <Filter>src\core\lib\surface</Filter>
    </ClCompile>
    <ClCompile Include="$(SolutionDir)\..\src\core\lib\surface\call.c">
      <Filter>src\core\lib\surface</Filter>
    </ClCompile>
    <ClCompile Include="$(SolutionDir)\..\src\core\lib\surface\call_details.c">
      <Filter>src\core\lib\surface</Filter>
    </ClCompile>
    <ClCompile Include="$(SolutionDir)\..\src\core\lib\surface\call_log_batch.c">
      <Filter>src\core\lib\surface</Filter>
    </ClCompile>
    <ClCompile Include="$(SolutionDir)\..\src\core\lib\surface\channel.c">
      <Filter>src\core\lib\surface</Filter>
    </ClCompile>
    <ClCompile Include="$(SolutionDir)\..\src\core\lib\surface\channel_init.c">
      <Filter>src\core\lib\surface</Filter>
    </ClCompile>
    <ClCompile Include="$(SolutionDir)\..\src\core\lib\surface\channel_ping.c">
      <Filter>src\core\lib\surface</Filter>
    </ClCompile>
    <ClCompile Include="$(SolutionDir)\..\src\core\lib\surface\channel_stack_type.c">
      <Filter>src\core\lib\surface</Filter>
    </ClCompile>
    <ClCompile Include="$(SolutionDir)\..\src\core\lib\surface\completion_queue.c">
      <Filter>src\core\lib\surface</Filter>
    </ClCompile>
    <ClCompile Include="$(SolutionDir)\..\src\core\lib\surface\completion_queue_factory.c">
      <Filter>src\core\lib\surface</Filter>
    </ClCompile>
    <ClCompile Include="$(SolutionDir)\..\src\core\lib\surface\event_string.c">
      <Filter>src\core\lib\surface</Filter>
    </ClCompile>
    <ClCompile Include="$(SolutionDir)\..\src\core\lib\surface\lame_client.c">
      <Filter>src\core\lib\surface</Filter>
    </ClCompile>
    <ClCompile Include="$(SolutionDir)\..\src\core\lib\surface\metadata_array.c">
      <Filter>src\core\lib\surface</Filter>
    </ClCompile>
    <ClCompile Include="$(SolutionDir)\..\src\core\lib\surface\server.c">
      <Filter>src\core\lib\surface</Filter>
    </ClCompile>
    <ClCompile Include="$(SolutionDir)\..\src\core\lib\surface\validate_metadata.c">
      <Filter>src\core\lib\surface</Filter>
    </ClCompile>
    <ClCompile Include="$(SolutionDir)\..\src\core\lib\surface\version.c">
      <Filter>src\core\lib\surface</Filter>
    </ClCompile>
    <ClCompile Include="$(SolutionDir)\..\src\core\lib\transport\bdp_estimator.c">
      <Filter>src\core\lib\transport</Filter>
    </ClCompile>
    <ClCompile Include="$(SolutionDir)\..\src\core\lib\transport\byte_stream.c">
      <Filter>src\core\lib\transport</Filter>
    </ClCompile>
    <ClCompile Include="$(SolutionDir)\..\src\core\lib\transport\connectivity_state.c">
      <Filter>src\core\lib\transport</Filter>
    </ClCompile>
    <ClCompile Include="$(SolutionDir)\..\src\core\lib\transport\error_utils.c">
      <Filter>src\core\lib\transport</Filter>
    </ClCompile>
    <ClCompile Include="$(SolutionDir)\..\src\core\lib\transport\metadata.c">
      <Filter>src\core\lib\transport</Filter>
    </ClCompile>
    <ClCompile Include="$(SolutionDir)\..\src\core\lib\transport\metadata_batch.c">
      <Filter>src\core\lib\transport</Filter>
    </ClCompile>
    <ClCompile Include="$(SolutionDir)\..\src\core\lib\transport\pid_controller.c">
      <Filter>src\core\lib\transport</Filter>
    </ClCompile>
    <ClCompile Include="$(SolutionDir)\..\src\core\lib\transport\service_config.c">
      <Filter>src\core\lib\transport</Filter>
    </ClCompile>
    <ClCompile Include="$(SolutionDir)\..\src\core\lib\transport\static_metadata.c">
      <Filter>src\core\lib\transport</Filter>
    </ClCompile>
    <ClCompile Include="$(SolutionDir)\..\src\core\lib\transport\status_conversion.c">
      <Filter>src\core\lib\transport</Filter>
    </ClCompile>
    <ClCompile Include="$(SolutionDir)\..\src\core\lib\transport\timeout_encoding.c">
      <Filter>src\core\lib\transport</Filter>
    </ClCompile>
    <ClCompile Include="$(SolutionDir)\..\src\core\lib\transport\transport.c">
      <Filter>src\core\lib\transport</Filter>
    </ClCompile>
    <ClCompile Include="$(SolutionDir)\..\src\core\lib\transport\transport_op_string.c">
      <Filter>src\core\lib\transport</Filter>
    </ClCompile>
    <ClCompile Include="$(SolutionDir)\..\src\core\ext\transport\chttp2\server\insecure\server_chttp2.c">
      <Filter>src\core\ext\transport\chttp2\server\insecure</Filter>
    </ClCompile>
    <ClCompile Include="$(SolutionDir)\..\src\core\ext\transport\chttp2\server\insecure\server_chttp2_posix.c">
      <Filter>src\core\ext\transport\chttp2\server\insecure</Filter>
    </ClCompile>
    <ClCompile Include="$(SolutionDir)\..\src\core\ext\transport\chttp2\transport\bin_decoder.c">
      <Filter>src\core\ext\transport\chttp2\transport</Filter>
    </ClCompile>
    <ClCompile Include="$(SolutionDir)\..\src\core\ext\transport\chttp2\transport\bin_encoder.c">
      <Filter>src\core\ext\transport\chttp2\transport</Filter>
    </ClCompile>
    <ClCompile Include="$(SolutionDir)\..\src\core\ext\transport\chttp2\transport\chttp2_plugin.c">
      <Filter>src\core\ext\transport\chttp2\transport</Filter>
    </ClCompile>
    <ClCompile Include="$(SolutionDir)\..\src\core\ext\transport\chttp2\transport\chttp2_transport.c">
      <Filter>src\core\ext\transport\chttp2\transport</Filter>
    </ClCompile>
    <ClCompile Include="$(SolutionDir)\..\src\core\ext\transport\chttp2\transport\frame_data.c">
      <Filter>src\core\ext\transport\chttp2\transport</Filter>
    </ClCompile>
    <ClCompile Include="$(SolutionDir)\..\src\core\ext\transport\chttp2\transport\frame_goaway.c">
      <Filter>src\core\ext\transport\chttp2\transport</Filter>
    </ClCompile>
    <ClCompile Include="$(SolutionDir)\..\src\core\ext\transport\chttp2\transport\frame_ping.c">
      <Filter>src\core\ext\transport\chttp2\transport</Filter>
    </ClCompile>
    <ClCompile Include="$(SolutionDir)\..\src\core\ext\transport\chttp2\transport\frame_rst_stream.c">
      <Filter>src\core\ext\transport\chttp2\transport</Filter>
    </ClCompile>
    <ClCompile Include="$(SolutionDir)\..\src\core\ext\transport\chttp2\transport\frame_settings.c">
      <Filter>src\core\ext\transport\chttp2\transport</Filter>
    </ClCompile>
    <ClCompile Include="$(SolutionDir)\..\src\core\ext\transport\chttp2\transport\frame_window_update.c">
      <Filter>src\core\ext\transport\chttp2\transport</Filter>
    </ClCompile>
    <ClCompile Include="$(SolutionDir)\..\src\core\ext\transport\chttp2\transport\hpack_encoder.c">
      <Filter>src\core\ext\transport\chttp2\transport</Filter>
    </ClCompile>
    <ClCompile Include="$(SolutionDir)\..\src\core\ext\transport\chttp2\transport\hpack_parser.c">
      <Filter>src\core\ext\transport\chttp2\transport</Filter>
    </ClCompile>
    <ClCompile Include="$(SolutionDir)\..\src\core\ext\transport\chttp2\transport\hpack_table.c">
      <Filter>src\core\ext\transport\chttp2\transport</Filter>
    </ClCompile>
    <ClCompile Include="$(SolutionDir)\..\src\core\ext\transport\chttp2\transport\http2_settings.c">
      <Filter>src\core\ext\transport\chttp2\transport</Filter>
    </ClCompile>
    <ClCompile Include="$(SolutionDir)\..\src\core\ext\transport\chttp2\transport\huffsyms.c">
      <Filter>src\core\ext\transport\chttp2\transport</Filter>
    </ClCompile>
    <ClCompile Include="$(SolutionDir)\..\src\core\ext\transport\chttp2\transport\incoming_metadata.c">
      <Filter>src\core\ext\transport\chttp2\transport</Filter>
    </ClCompile>
    <ClCompile Include="$(SolutionDir)\..\src\core\ext\transport\chttp2\transport\parsing.c">
      <Filter>src\core\ext\transport\chttp2\transport</Filter>
    </ClCompile>
    <ClCompile Include="$(SolutionDir)\..\src\core\ext\transport\chttp2\transport\stream_lists.c">
      <Filter>src\core\ext\transport\chttp2\transport</Filter>
    </ClCompile>
    <ClCompile Include="$(SolutionDir)\..\src\core\ext\transport\chttp2\transport\stream_map.c">
      <Filter>src\core\ext\transport\chttp2\transport</Filter>
    </ClCompile>
    <ClCompile Include="$(SolutionDir)\..\src\core\ext\transport\chttp2\transport\varint.c">
      <Filter>src\core\ext\transport\chttp2\transport</Filter>
    </ClCompile>
    <ClCompile Include="$(SolutionDir)\..\src\core\ext\transport\chttp2\transport\writing.c">
      <Filter>src\core\ext\transport\chttp2\transport</Filter>
    </ClCompile>
    <ClCompile Include="$(SolutionDir)\..\src\core\ext\transport\chttp2\alpn\alpn.c">
      <Filter>src\core\ext\transport\chttp2\alpn</Filter>
    </ClCompile>
    <ClCompile Include="$(SolutionDir)\..\src\core\ext\transport\chttp2\server\chttp2_server.c">
      <Filter>src\core\ext\transport\chttp2\server</Filter>
    </ClCompile>
    <ClCompile Include="$(SolutionDir)\..\src\core\ext\transport\chttp2\client\insecure\channel_create.c">
      <Filter>src\core\ext\transport\chttp2\client\insecure</Filter>
    </ClCompile>
    <ClCompile Include="$(SolutionDir)\..\src\core\ext\transport\chttp2\client\insecure\channel_create_posix.c">
      <Filter>src\core\ext\transport\chttp2\client\insecure</Filter>
    </ClCompile>
    <ClCompile Include="$(SolutionDir)\..\src\core\ext\transport\chttp2\client\chttp2_connector.c">
      <Filter>src\core\ext\transport\chttp2\client</Filter>
    </ClCompile>
    <ClCompile Include="$(SolutionDir)\..\src\core\ext\filters\client_channel\channel_connectivity.c">
      <Filter>src\core\ext\filters\client_channel</Filter>
    </ClCompile>
    <ClCompile Include="$(SolutionDir)\..\src\core\ext\filters\client_channel\client_channel.c">
      <Filter>src\core\ext\filters\client_channel</Filter>
    </ClCompile>
    <ClCompile Include="$(SolutionDir)\..\src\core\ext\filters\client_channel\client_channel_factory.c">
      <Filter>src\core\ext\filters\client_channel</Filter>
    </ClCompile>
    <ClCompile Include="$(SolutionDir)\..\src\core\ext\filters\client_channel\client_channel_plugin.c">
      <Filter>src\core\ext\filters\client_channel</Filter>
    </ClCompile>
    <ClCompile Include="$(SolutionDir)\..\src\core\ext\filters\client_channel\connector.c">
      <Filter>src\core\ext\filters\client_channel</Filter>
    </ClCompile>
    <ClCompile Include="$(SolutionDir)\..\src\core\ext\filters\client_channel\http_connect_handshaker.c">
      <Filter>src\core\ext\filters\client_channel</Filter>
    </ClCompile>
    <ClCompile Include="$(SolutionDir)\..\src\core\ext\filters\client_channel\http_proxy.c">
      <Filter>src\core\ext\filters\client_channel</Filter>
    </ClCompile>
    <ClCompile Include="$(SolutionDir)\..\src\core\ext\filters\client_channel\lb_policy.c">
      <Filter>src\core\ext\filters\client_channel</Filter>
    </ClCompile>
    <ClCompile Include="$(SolutionDir)\..\src\core\ext\filters\client_channel\lb_policy_factory.c">
      <Filter>src\core\ext\filters\client_channel</Filter>
    </ClCompile>
    <ClCompile Include="$(SolutionDir)\..\src\core\ext\filters\client_channel\lb_policy_registry.c">
      <Filter>src\core\ext\filters\client_channel</Filter>
    </ClCompile>
    <ClCompile Include="$(SolutionDir)\..\src\core\ext\filters\client_channel\parse_address.c">
      <Filter>src\core\ext\filters\client_channel</Filter>
    </ClCompile>
    <ClCompile Include="$(SolutionDir)\..\src\core\ext\filters\client_channel\proxy_mapper.c">
      <Filter>src\core\ext\filters\client_channel</Filter>
    </ClCompile>
    <ClCompile Include="$(SolutionDir)\..\src\core\ext\filters\client_channel\proxy_mapper_registry.c">
      <Filter>src\core\ext\filters\client_channel</Filter>
    </ClCompile>
    <ClCompile Include="$(SolutionDir)\..\src\core\ext\filters\client_channel\resolver.c">
      <Filter>src\core\ext\filters\client_channel</Filter>
    </ClCompile>
    <ClCompile Include="$(SolutionDir)\..\src\core\ext\filters\client_channel\resolver_factory.c">
      <Filter>src\core\ext\filters\client_channel</Filter>
    </ClCompile>
    <ClCompile Include="$(SolutionDir)\..\src\core\ext\filters\client_channel\resolver_registry.c">
      <Filter>src\core\ext\filters\client_channel</Filter>
    </ClCompile>
    <ClCompile Include="$(SolutionDir)\..\src\core\ext\filters\client_channel\retry_throttle.c">
      <Filter>src\core\ext\filters\client_channel</Filter>
    </ClCompile>
    <ClCompile Include="$(SolutionDir)\..\src\core\ext\filters\client_channel\subchannel.c">
      <Filter>src\core\ext\filters\client_channel</Filter>
    </ClCompile>
    <ClCompile Include="$(SolutionDir)\..\src\core\ext\filters\client_channel\subchannel_index.c">
      <Filter>src\core\ext\filters\client_channel</Filter>
    </ClCompile>
    <ClCompile Include="$(SolutionDir)\..\src\core\ext\filters\client_channel\uri_parser.c">
      <Filter>src\core\ext\filters\client_channel</Filter>
    </ClCompile>
    <ClCompile Include="$(SolutionDir)\..\src\core\ext\filters\client_channel\resolver\dns\c_ares\dns_resolver_ares.c">
      <Filter>src\core\ext\filters\client_channel\resolver\dns\c_ares</Filter>
    </ClCompile>
    <ClCompile Include="$(SolutionDir)\..\src\core\ext\filters\client_channel\resolver\dns\c_ares\grpc_ares_ev_driver_posix.c">
      <Filter>src\core\ext\filters\client_channel\resolver\dns\c_ares</Filter>
    </ClCompile>
    <ClCompile Include="$(SolutionDir)\..\src\core\ext\filters\client_channel\resolver\dns\c_ares\grpc_ares_wrapper.c">
      <Filter>src\core\ext\filters\client_channel\resolver\dns\c_ares</Filter>
    </ClCompile>
    <ClCompile Include="$(SolutionDir)\..\src\core\ext\filters\client_channel\resolver\dns\native\dns_resolver.c">
      <Filter>src\core\ext\filters\client_channel\resolver\dns\native</Filter>
    </ClCompile>
    <ClCompile Include="$(SolutionDir)\..\src\core\ext\filters\client_channel\resolver\sockaddr\sockaddr_resolver.c">
      <Filter>src\core\ext\filters\client_channel\resolver\sockaddr</Filter>
    </ClCompile>
    <ClCompile Include="$(SolutionDir)\..\src\core\ext\filters\load_reporting\load_reporting.c">
      <Filter>src\core\ext\filters\load_reporting</Filter>
    </ClCompile>
    <ClCompile Include="$(SolutionDir)\..\src\core\ext\filters\load_reporting\load_reporting_filter.c">
      <Filter>src\core\ext\filters\load_reporting</Filter>
    </ClCompile>
    <ClCompile Include="$(SolutionDir)\..\src\core\ext\filters\client_channel\lb_policy\grpclb\grpclb.c">
      <Filter>src\core\ext\filters\client_channel\lb_policy\grpclb</Filter>
    </ClCompile>
    <ClCompile Include="$(SolutionDir)\..\src\core\ext\filters\client_channel\lb_policy\grpclb\grpclb_channel.c">
      <Filter>src\core\ext\filters\client_channel\lb_policy\grpclb</Filter>
    </ClCompile>
    <ClCompile Include="$(SolutionDir)\..\src\core\ext\filters\client_channel\lb_policy\grpclb\load_balancer_api.c">
      <Filter>src\core\ext\filters\client_channel\lb_policy\grpclb</Filter>
    </ClCompile>
    <ClCompile Include="$(SolutionDir)\..\src\core\ext\filters\client_channel\lb_policy\grpclb\proto\grpc\lb\v1\load_balancer.pb.c">
      <Filter>src\core\ext\filters\client_channel\lb_policy\grpclb\proto\grpc\lb\v1</Filter>
    </ClCompile>
    <ClCompile Include="$(SolutionDir)\..\third_party\nanopb\pb_common.c">
      <Filter>third_party\nanopb</Filter>
    </ClCompile>
    <ClCompile Include="$(SolutionDir)\..\third_party\nanopb\pb_decode.c">
      <Filter>third_party\nanopb</Filter>
    </ClCompile>
    <ClCompile Include="$(SolutionDir)\..\third_party\nanopb\pb_encode.c">
      <Filter>third_party\nanopb</Filter>
    </ClCompile>
    <ClCompile Include="$(SolutionDir)\..\src\core\ext\filters\client_channel\lb_policy\pick_first\pick_first.c">
      <Filter>src\core\ext\filters\client_channel\lb_policy\pick_first</Filter>
    </ClCompile>
    <ClCompile Include="$(SolutionDir)\..\src\core\ext\filters\client_channel\lb_policy\round_robin\round_robin.c">
      <Filter>src\core\ext\filters\client_channel\lb_policy\round_robin</Filter>
    </ClCompile>
    <ClCompile Include="$(SolutionDir)\..\src\core\ext\census\base_resources.c">
      <Filter>src\core\ext\census</Filter>
    </ClCompile>
    <ClCompile Include="$(SolutionDir)\..\src\core\ext\census\context.c">
      <Filter>src\core\ext\census</Filter>
    </ClCompile>
    <ClCompile Include="$(SolutionDir)\..\src\core\ext\census\gen\census.pb.c">
      <Filter>src\core\ext\census\gen</Filter>
    </ClCompile>
    <ClCompile Include="$(SolutionDir)\..\src\core\ext\census\gen\trace_context.pb.c">
      <Filter>src\core\ext\census\gen</Filter>
    </ClCompile>
    <ClCompile Include="$(SolutionDir)\..\src\core\ext\census\grpc_context.c">
      <Filter>src\core\ext\census</Filter>
    </ClCompile>
    <ClCompile Include="$(SolutionDir)\..\src\core\ext\census\grpc_filter.c">
      <Filter>src\core\ext\census</Filter>
    </ClCompile>
    <ClCompile Include="$(SolutionDir)\..\src\core\ext\census\grpc_plugin.c">
      <Filter>src\core\ext\census</Filter>
    </ClCompile>
    <ClCompile Include="$(SolutionDir)\..\src\core\ext\census\initialize.c">
      <Filter>src\core\ext\census</Filter>
    </ClCompile>
    <ClCompile Include="$(SolutionDir)\..\src\core\ext\census\mlog.c">
      <Filter>src\core\ext\census</Filter>
    </ClCompile>
    <ClCompile Include="$(SolutionDir)\..\src\core\ext\census\operation.c">
      <Filter>src\core\ext\census</Filter>
    </ClCompile>
    <ClCompile Include="$(SolutionDir)\..\src\core\ext\census\placeholders.c">
      <Filter>src\core\ext\census</Filter>
    </ClCompile>
    <ClCompile Include="$(SolutionDir)\..\src\core\ext\census\resource.c">
      <Filter>src\core\ext\census</Filter>
    </ClCompile>
    <ClCompile Include="$(SolutionDir)\..\src\core\ext\census\trace_context.c">
      <Filter>src\core\ext\census</Filter>
    </ClCompile>
    <ClCompile Include="$(SolutionDir)\..\src\core\ext\census\tracing.c">
      <Filter>src\core\ext\census</Filter>
    </ClCompile>
    <ClCompile Include="$(SolutionDir)\..\src\core\ext\filters\max_age\max_age_filter.c">
      <Filter>src\core\ext\filters\max_age</Filter>
    </ClCompile>
    <ClCompile Include="$(SolutionDir)\..\src\core\plugin_registry\grpc_unsecure_plugin_registry.c">
      <Filter>src\core\plugin_registry</Filter>
    </ClCompile>
  </ItemGroup>
  <ItemGroup>
    <ClInclude Include="$(SolutionDir)\..\include\grpc\byte_buffer.h">
      <Filter>include\grpc</Filter>
    </ClInclude>
    <ClInclude Include="$(SolutionDir)\..\include\grpc\byte_buffer_reader.h">
      <Filter>include\grpc</Filter>
    </ClInclude>
    <ClInclude Include="$(SolutionDir)\..\include\grpc\compression.h">
      <Filter>include\grpc</Filter>
    </ClInclude>
    <ClInclude Include="$(SolutionDir)\..\include\grpc\grpc.h">
      <Filter>include\grpc</Filter>
    </ClInclude>
    <ClInclude Include="$(SolutionDir)\..\include\grpc\grpc_posix.h">
      <Filter>include\grpc</Filter>
    </ClInclude>
    <ClInclude Include="$(SolutionDir)\..\include\grpc\grpc_security_constants.h">
      <Filter>include\grpc</Filter>
    </ClInclude>
    <ClInclude Include="$(SolutionDir)\..\include\grpc\load_reporting.h">
      <Filter>include\grpc</Filter>
    </ClInclude>
    <ClInclude Include="$(SolutionDir)\..\include\grpc\slice.h">
      <Filter>include\grpc</Filter>
    </ClInclude>
    <ClInclude Include="$(SolutionDir)\..\include\grpc\slice_buffer.h">
      <Filter>include\grpc</Filter>
    </ClInclude>
    <ClInclude Include="$(SolutionDir)\..\include\grpc\status.h">
      <Filter>include\grpc</Filter>
    </ClInclude>
    <ClInclude Include="$(SolutionDir)\..\include\grpc\impl\codegen\byte_buffer_reader.h">
      <Filter>include\grpc\impl\codegen</Filter>
    </ClInclude>
    <ClInclude Include="$(SolutionDir)\..\include\grpc\impl\codegen\compression_types.h">
      <Filter>include\grpc\impl\codegen</Filter>
    </ClInclude>
    <ClInclude Include="$(SolutionDir)\..\include\grpc\impl\codegen\connectivity_state.h">
      <Filter>include\grpc\impl\codegen</Filter>
    </ClInclude>
    <ClInclude Include="$(SolutionDir)\..\include\grpc\impl\codegen\exec_ctx_fwd.h">
      <Filter>include\grpc\impl\codegen</Filter>
    </ClInclude>
    <ClInclude Include="$(SolutionDir)\..\include\grpc\impl\codegen\grpc_types.h">
      <Filter>include\grpc\impl\codegen</Filter>
    </ClInclude>
    <ClInclude Include="$(SolutionDir)\..\include\grpc\impl\codegen\propagation_bits.h">
      <Filter>include\grpc\impl\codegen</Filter>
    </ClInclude>
    <ClInclude Include="$(SolutionDir)\..\include\grpc\impl\codegen\slice.h">
      <Filter>include\grpc\impl\codegen</Filter>
    </ClInclude>
    <ClInclude Include="$(SolutionDir)\..\include\grpc\impl\codegen\status.h">
      <Filter>include\grpc\impl\codegen</Filter>
    </ClInclude>
    <ClInclude Include="$(SolutionDir)\..\include\grpc\impl\codegen\atm.h">
      <Filter>include\grpc\impl\codegen</Filter>
    </ClInclude>
    <ClInclude Include="$(SolutionDir)\..\include\grpc\impl\codegen\atm_gcc_atomic.h">
      <Filter>include\grpc\impl\codegen</Filter>
    </ClInclude>
    <ClInclude Include="$(SolutionDir)\..\include\grpc\impl\codegen\atm_gcc_sync.h">
      <Filter>include\grpc\impl\codegen</Filter>
    </ClInclude>
    <ClInclude Include="$(SolutionDir)\..\include\grpc\impl\codegen\atm_windows.h">
      <Filter>include\grpc\impl\codegen</Filter>
    </ClInclude>
    <ClInclude Include="$(SolutionDir)\..\include\grpc\impl\codegen\gpr_slice.h">
      <Filter>include\grpc\impl\codegen</Filter>
    </ClInclude>
    <ClInclude Include="$(SolutionDir)\..\include\grpc\impl\codegen\gpr_types.h">
      <Filter>include\grpc\impl\codegen</Filter>
    </ClInclude>
    <ClInclude Include="$(SolutionDir)\..\include\grpc\impl\codegen\port_platform.h">
      <Filter>include\grpc\impl\codegen</Filter>
    </ClInclude>
    <ClInclude Include="$(SolutionDir)\..\include\grpc\impl\codegen\sync.h">
      <Filter>include\grpc\impl\codegen</Filter>
    </ClInclude>
    <ClInclude Include="$(SolutionDir)\..\include\grpc\impl\codegen\sync_generic.h">
      <Filter>include\grpc\impl\codegen</Filter>
    </ClInclude>
    <ClInclude Include="$(SolutionDir)\..\include\grpc\impl\codegen\sync_posix.h">
      <Filter>include\grpc\impl\codegen</Filter>
    </ClInclude>
    <ClInclude Include="$(SolutionDir)\..\include\grpc\impl\codegen\sync_windows.h">
      <Filter>include\grpc\impl\codegen</Filter>
    </ClInclude>
    <ClInclude Include="$(SolutionDir)\..\include\grpc\census.h">
      <Filter>include\grpc</Filter>
    </ClInclude>
  </ItemGroup>
  <ItemGroup>
    <ClInclude Include="$(SolutionDir)\..\src\core\lib\channel\channel_args.h">
      <Filter>src\core\lib\channel</Filter>
    </ClInclude>
    <ClInclude Include="$(SolutionDir)\..\src\core\lib\channel\channel_stack.h">
      <Filter>src\core\lib\channel</Filter>
    </ClInclude>
    <ClInclude Include="$(SolutionDir)\..\src\core\lib\channel\channel_stack_builder.h">
      <Filter>src\core\lib\channel</Filter>
    </ClInclude>
    <ClInclude Include="$(SolutionDir)\..\src\core\lib\channel\compress_filter.h">
      <Filter>src\core\lib\channel</Filter>
    </ClInclude>
    <ClInclude Include="$(SolutionDir)\..\src\core\lib\channel\connected_channel.h">
      <Filter>src\core\lib\channel</Filter>
    </ClInclude>
    <ClInclude Include="$(SolutionDir)\..\src\core\lib\channel\context.h">
      <Filter>src\core\lib\channel</Filter>
    </ClInclude>
    <ClInclude Include="$(SolutionDir)\..\src\core\lib\channel\deadline_filter.h">
      <Filter>src\core\lib\channel</Filter>
    </ClInclude>
    <ClInclude Include="$(SolutionDir)\..\src\core\lib\channel\handshaker.h">
      <Filter>src\core\lib\channel</Filter>
    </ClInclude>
    <ClInclude Include="$(SolutionDir)\..\src\core\lib\channel\handshaker_factory.h">
      <Filter>src\core\lib\channel</Filter>
    </ClInclude>
    <ClInclude Include="$(SolutionDir)\..\src\core\lib\channel\handshaker_registry.h">
      <Filter>src\core\lib\channel</Filter>
    </ClInclude>
    <ClInclude Include="$(SolutionDir)\..\src\core\lib\channel\http_client_filter.h">
      <Filter>src\core\lib\channel</Filter>
    </ClInclude>
    <ClInclude Include="$(SolutionDir)\..\src\core\lib\channel\http_server_filter.h">
      <Filter>src\core\lib\channel</Filter>
    </ClInclude>
    <ClInclude Include="$(SolutionDir)\..\src\core\lib\channel\message_size_filter.h">
      <Filter>src\core\lib\channel</Filter>
    </ClInclude>
    <ClInclude Include="$(SolutionDir)\..\src\core\lib\compression\algorithm_metadata.h">
      <Filter>src\core\lib\compression</Filter>
    </ClInclude>
    <ClInclude Include="$(SolutionDir)\..\src\core\lib\compression\message_compress.h">
      <Filter>src\core\lib\compression</Filter>
    </ClInclude>
    <ClInclude Include="$(SolutionDir)\..\src\core\lib\debug\trace.h">
      <Filter>src\core\lib\debug</Filter>
    </ClInclude>
    <ClInclude Include="$(SolutionDir)\..\src\core\lib\http\format_request.h">
      <Filter>src\core\lib\http</Filter>
    </ClInclude>
    <ClInclude Include="$(SolutionDir)\..\src\core\lib\http\httpcli.h">
      <Filter>src\core\lib\http</Filter>
    </ClInclude>
    <ClInclude Include="$(SolutionDir)\..\src\core\lib\http\parser.h">
      <Filter>src\core\lib\http</Filter>
    </ClInclude>
    <ClInclude Include="$(SolutionDir)\..\src\core\lib\iomgr\closure.h">
      <Filter>src\core\lib\iomgr</Filter>
    </ClInclude>
    <ClInclude Include="$(SolutionDir)\..\src\core\lib\iomgr\combiner.h">
      <Filter>src\core\lib\iomgr</Filter>
    </ClInclude>
    <ClInclude Include="$(SolutionDir)\..\src\core\lib\iomgr\endpoint.h">
      <Filter>src\core\lib\iomgr</Filter>
    </ClInclude>
    <ClInclude Include="$(SolutionDir)\..\src\core\lib\iomgr\endpoint_pair.h">
      <Filter>src\core\lib\iomgr</Filter>
    </ClInclude>
    <ClInclude Include="$(SolutionDir)\..\src\core\lib\iomgr\error.h">
      <Filter>src\core\lib\iomgr</Filter>
    </ClInclude>
    <ClInclude Include="$(SolutionDir)\..\src\core\lib\iomgr\error_internal.h">
      <Filter>src\core\lib\iomgr</Filter>
    </ClInclude>
    <ClInclude Include="$(SolutionDir)\..\src\core\lib\iomgr\ev_epoll_linux.h">
      <Filter>src\core\lib\iomgr</Filter>
    </ClInclude>
    <ClInclude Include="$(SolutionDir)\..\src\core\lib\iomgr\ev_poll_posix.h">
      <Filter>src\core\lib\iomgr</Filter>
    </ClInclude>
    <ClInclude Include="$(SolutionDir)\..\src\core\lib\iomgr\ev_posix.h">
      <Filter>src\core\lib\iomgr</Filter>
    </ClInclude>
    <ClInclude Include="$(SolutionDir)\..\src\core\lib\iomgr\exec_ctx.h">
      <Filter>src\core\lib\iomgr</Filter>
    </ClInclude>
    <ClInclude Include="$(SolutionDir)\..\src\core\lib\iomgr\executor.h">
      <Filter>src\core\lib\iomgr</Filter>
    </ClInclude>
    <ClInclude Include="$(SolutionDir)\..\src\core\lib\iomgr\iocp_windows.h">
      <Filter>src\core\lib\iomgr</Filter>
    </ClInclude>
    <ClInclude Include="$(SolutionDir)\..\src\core\lib\iomgr\iomgr.h">
      <Filter>src\core\lib\iomgr</Filter>
    </ClInclude>
    <ClInclude Include="$(SolutionDir)\..\src\core\lib\iomgr\iomgr_internal.h">
      <Filter>src\core\lib\iomgr</Filter>
    </ClInclude>
    <ClInclude Include="$(SolutionDir)\..\src\core\lib\iomgr\iomgr_posix.h">
      <Filter>src\core\lib\iomgr</Filter>
    </ClInclude>
    <ClInclude Include="$(SolutionDir)\..\src\core\lib\iomgr\load_file.h">
      <Filter>src\core\lib\iomgr</Filter>
    </ClInclude>
    <ClInclude Include="$(SolutionDir)\..\src\core\lib\iomgr\lockfree_event.h">
      <Filter>src\core\lib\iomgr</Filter>
    </ClInclude>
    <ClInclude Include="$(SolutionDir)\..\src\core\lib\iomgr\network_status_tracker.h">
      <Filter>src\core\lib\iomgr</Filter>
    </ClInclude>
    <ClInclude Include="$(SolutionDir)\..\src\core\lib\iomgr\polling_entity.h">
      <Filter>src\core\lib\iomgr</Filter>
    </ClInclude>
    <ClInclude Include="$(SolutionDir)\..\src\core\lib\iomgr\pollset.h">
      <Filter>src\core\lib\iomgr</Filter>
    </ClInclude>
    <ClInclude Include="$(SolutionDir)\..\src\core\lib\iomgr\pollset_set.h">
      <Filter>src\core\lib\iomgr</Filter>
    </ClInclude>
    <ClInclude Include="$(SolutionDir)\..\src\core\lib\iomgr\pollset_set_windows.h">
      <Filter>src\core\lib\iomgr</Filter>
    </ClInclude>
    <ClInclude Include="$(SolutionDir)\..\src\core\lib\iomgr\pollset_uv.h">
      <Filter>src\core\lib\iomgr</Filter>
    </ClInclude>
    <ClInclude Include="$(SolutionDir)\..\src\core\lib\iomgr\pollset_windows.h">
      <Filter>src\core\lib\iomgr</Filter>
    </ClInclude>
    <ClInclude Include="$(SolutionDir)\..\src\core\lib\iomgr\port.h">
      <Filter>src\core\lib\iomgr</Filter>
    </ClInclude>
    <ClInclude Include="$(SolutionDir)\..\src\core\lib\iomgr\resolve_address.h">
      <Filter>src\core\lib\iomgr</Filter>
    </ClInclude>
    <ClInclude Include="$(SolutionDir)\..\src\core\lib\iomgr\resource_quota.h">
      <Filter>src\core\lib\iomgr</Filter>
    </ClInclude>
    <ClInclude Include="$(SolutionDir)\..\src\core\lib\iomgr\sockaddr.h">
      <Filter>src\core\lib\iomgr</Filter>
    </ClInclude>
    <ClInclude Include="$(SolutionDir)\..\src\core\lib\iomgr\sockaddr_posix.h">
      <Filter>src\core\lib\iomgr</Filter>
    </ClInclude>
    <ClInclude Include="$(SolutionDir)\..\src\core\lib\iomgr\sockaddr_utils.h">
      <Filter>src\core\lib\iomgr</Filter>
    </ClInclude>
    <ClInclude Include="$(SolutionDir)\..\src\core\lib\iomgr\sockaddr_windows.h">
      <Filter>src\core\lib\iomgr</Filter>
    </ClInclude>
    <ClInclude Include="$(SolutionDir)\..\src\core\lib\iomgr\socket_factory_posix.h">
      <Filter>src\core\lib\iomgr</Filter>
    </ClInclude>
    <ClInclude Include="$(SolutionDir)\..\src\core\lib\iomgr\socket_mutator.h">
      <Filter>src\core\lib\iomgr</Filter>
    </ClInclude>
    <ClInclude Include="$(SolutionDir)\..\src\core\lib\iomgr\socket_utils.h">
      <Filter>src\core\lib\iomgr</Filter>
    </ClInclude>
    <ClInclude Include="$(SolutionDir)\..\src\core\lib\iomgr\socket_utils_posix.h">
      <Filter>src\core\lib\iomgr</Filter>
    </ClInclude>
    <ClInclude Include="$(SolutionDir)\..\src\core\lib\iomgr\socket_windows.h">
      <Filter>src\core\lib\iomgr</Filter>
    </ClInclude>
    <ClInclude Include="$(SolutionDir)\..\src\core\lib\iomgr\tcp_client.h">
      <Filter>src\core\lib\iomgr</Filter>
    </ClInclude>
    <ClInclude Include="$(SolutionDir)\..\src\core\lib\iomgr\tcp_client_posix.h">
      <Filter>src\core\lib\iomgr</Filter>
    </ClInclude>
    <ClInclude Include="$(SolutionDir)\..\src\core\lib\iomgr\tcp_posix.h">
      <Filter>src\core\lib\iomgr</Filter>
    </ClInclude>
    <ClInclude Include="$(SolutionDir)\..\src\core\lib\iomgr\tcp_server.h">
      <Filter>src\core\lib\iomgr</Filter>
    </ClInclude>
    <ClInclude Include="$(SolutionDir)\..\src\core\lib\iomgr\tcp_server_utils_posix.h">
      <Filter>src\core\lib\iomgr</Filter>
    </ClInclude>
    <ClInclude Include="$(SolutionDir)\..\src\core\lib\iomgr\tcp_uv.h">
      <Filter>src\core\lib\iomgr</Filter>
    </ClInclude>
    <ClInclude Include="$(SolutionDir)\..\src\core\lib\iomgr\tcp_windows.h">
      <Filter>src\core\lib\iomgr</Filter>
    </ClInclude>
    <ClInclude Include="$(SolutionDir)\..\src\core\lib\iomgr\time_averaged_stats.h">
      <Filter>src\core\lib\iomgr</Filter>
    </ClInclude>
    <ClInclude Include="$(SolutionDir)\..\src\core\lib\iomgr\timer.h">
      <Filter>src\core\lib\iomgr</Filter>
    </ClInclude>
    <ClInclude Include="$(SolutionDir)\..\src\core\lib\iomgr\timer_generic.h">
      <Filter>src\core\lib\iomgr</Filter>
    </ClInclude>
    <ClInclude Include="$(SolutionDir)\..\src\core\lib\iomgr\timer_heap.h">
      <Filter>src\core\lib\iomgr</Filter>
    </ClInclude>
    <ClInclude Include="$(SolutionDir)\..\src\core\lib\iomgr\timer_uv.h">
      <Filter>src\core\lib\iomgr</Filter>
    </ClInclude>
    <ClInclude Include="$(SolutionDir)\..\src\core\lib\iomgr\udp_server.h">
      <Filter>src\core\lib\iomgr</Filter>
    </ClInclude>
    <ClInclude Include="$(SolutionDir)\..\src\core\lib\iomgr\unix_sockets_posix.h">
      <Filter>src\core\lib\iomgr</Filter>
    </ClInclude>
    <ClInclude Include="$(SolutionDir)\..\src\core\lib\iomgr\wakeup_fd_cv.h">
      <Filter>src\core\lib\iomgr</Filter>
    </ClInclude>
    <ClInclude Include="$(SolutionDir)\..\src\core\lib\iomgr\wakeup_fd_pipe.h">
      <Filter>src\core\lib\iomgr</Filter>
    </ClInclude>
    <ClInclude Include="$(SolutionDir)\..\src\core\lib\iomgr\wakeup_fd_posix.h">
      <Filter>src\core\lib\iomgr</Filter>
    </ClInclude>
    <ClInclude Include="$(SolutionDir)\..\src\core\lib\iomgr\workqueue.h">
      <Filter>src\core\lib\iomgr</Filter>
    </ClInclude>
    <ClInclude Include="$(SolutionDir)\..\src\core\lib\iomgr\workqueue_uv.h">
      <Filter>src\core\lib\iomgr</Filter>
    </ClInclude>
    <ClInclude Include="$(SolutionDir)\..\src\core\lib\iomgr\workqueue_windows.h">
      <Filter>src\core\lib\iomgr</Filter>
    </ClInclude>
    <ClInclude Include="$(SolutionDir)\..\src\core\lib\json\json.h">
      <Filter>src\core\lib\json</Filter>
    </ClInclude>
    <ClInclude Include="$(SolutionDir)\..\src\core\lib\json\json_common.h">
      <Filter>src\core\lib\json</Filter>
    </ClInclude>
    <ClInclude Include="$(SolutionDir)\..\src\core\lib\json\json_reader.h">
      <Filter>src\core\lib\json</Filter>
    </ClInclude>
    <ClInclude Include="$(SolutionDir)\..\src\core\lib\json\json_writer.h">
      <Filter>src\core\lib\json</Filter>
    </ClInclude>
    <ClInclude Include="$(SolutionDir)\..\src\core\lib\slice\b64.h">
      <Filter>src\core\lib\slice</Filter>
    </ClInclude>
    <ClInclude Include="$(SolutionDir)\..\src\core\lib\slice\percent_encoding.h">
      <Filter>src\core\lib\slice</Filter>
    </ClInclude>
    <ClInclude Include="$(SolutionDir)\..\src\core\lib\slice\slice_hash_table.h">
      <Filter>src\core\lib\slice</Filter>
    </ClInclude>
    <ClInclude Include="$(SolutionDir)\..\src\core\lib\slice\slice_internal.h">
      <Filter>src\core\lib\slice</Filter>
    </ClInclude>
    <ClInclude Include="$(SolutionDir)\..\src\core\lib\slice\slice_string_helpers.h">
      <Filter>src\core\lib\slice</Filter>
    </ClInclude>
    <ClInclude Include="$(SolutionDir)\..\src\core\lib\surface\api_trace.h">
      <Filter>src\core\lib\surface</Filter>
    </ClInclude>
    <ClInclude Include="$(SolutionDir)\..\src\core\lib\surface\call.h">
      <Filter>src\core\lib\surface</Filter>
    </ClInclude>
    <ClInclude Include="$(SolutionDir)\..\src\core\lib\surface\call_test_only.h">
      <Filter>src\core\lib\surface</Filter>
    </ClInclude>
    <ClInclude Include="$(SolutionDir)\..\src\core\lib\surface\channel.h">
      <Filter>src\core\lib\surface</Filter>
    </ClInclude>
    <ClInclude Include="$(SolutionDir)\..\src\core\lib\surface\channel_init.h">
      <Filter>src\core\lib\surface</Filter>
    </ClInclude>
    <ClInclude Include="$(SolutionDir)\..\src\core\lib\surface\channel_stack_type.h">
      <Filter>src\core\lib\surface</Filter>
    </ClInclude>
    <ClInclude Include="$(SolutionDir)\..\src\core\lib\surface\completion_queue.h">
      <Filter>src\core\lib\surface</Filter>
    </ClInclude>
    <ClInclude Include="$(SolutionDir)\..\src\core\lib\surface\completion_queue_factory.h">
      <Filter>src\core\lib\surface</Filter>
    </ClInclude>
    <ClInclude Include="$(SolutionDir)\..\src\core\lib\surface\event_string.h">
      <Filter>src\core\lib\surface</Filter>
    </ClInclude>
    <ClInclude Include="$(SolutionDir)\..\src\core\lib\surface\init.h">
      <Filter>src\core\lib\surface</Filter>
    </ClInclude>
    <ClInclude Include="$(SolutionDir)\..\src\core\lib\surface\lame_client.h">
      <Filter>src\core\lib\surface</Filter>
    </ClInclude>
    <ClInclude Include="$(SolutionDir)\..\src\core\lib\surface\server.h">
      <Filter>src\core\lib\surface</Filter>
    </ClInclude>
    <ClInclude Include="$(SolutionDir)\..\src\core\lib\surface\validate_metadata.h">
      <Filter>src\core\lib\surface</Filter>
    </ClInclude>
    <ClInclude Include="$(SolutionDir)\..\src\core\lib\transport\bdp_estimator.h">
      <Filter>src\core\lib\transport</Filter>
    </ClInclude>
    <ClInclude Include="$(SolutionDir)\..\src\core\lib\transport\byte_stream.h">
      <Filter>src\core\lib\transport</Filter>
    </ClInclude>
    <ClInclude Include="$(SolutionDir)\..\src\core\lib\transport\connectivity_state.h">
      <Filter>src\core\lib\transport</Filter>
    </ClInclude>
    <ClInclude Include="$(SolutionDir)\..\src\core\lib\transport\error_utils.h">
      <Filter>src\core\lib\transport</Filter>
    </ClInclude>
    <ClInclude Include="$(SolutionDir)\..\src\core\lib\transport\http2_errors.h">
      <Filter>src\core\lib\transport</Filter>
    </ClInclude>
    <ClInclude Include="$(SolutionDir)\..\src\core\lib\transport\metadata.h">
      <Filter>src\core\lib\transport</Filter>
    </ClInclude>
    <ClInclude Include="$(SolutionDir)\..\src\core\lib\transport\metadata_batch.h">
      <Filter>src\core\lib\transport</Filter>
    </ClInclude>
    <ClInclude Include="$(SolutionDir)\..\src\core\lib\transport\pid_controller.h">
      <Filter>src\core\lib\transport</Filter>
    </ClInclude>
    <ClInclude Include="$(SolutionDir)\..\src\core\lib\transport\service_config.h">
      <Filter>src\core\lib\transport</Filter>
    </ClInclude>
    <ClInclude Include="$(SolutionDir)\..\src\core\lib\transport\static_metadata.h">
      <Filter>src\core\lib\transport</Filter>
    </ClInclude>
    <ClInclude Include="$(SolutionDir)\..\src\core\lib\transport\status_conversion.h">
      <Filter>src\core\lib\transport</Filter>
    </ClInclude>
    <ClInclude Include="$(SolutionDir)\..\src\core\lib\transport\timeout_encoding.h">
      <Filter>src\core\lib\transport</Filter>
    </ClInclude>
    <ClInclude Include="$(SolutionDir)\..\src\core\lib\transport\transport.h">
      <Filter>src\core\lib\transport</Filter>
    </ClInclude>
    <ClInclude Include="$(SolutionDir)\..\src\core\lib\transport\transport_impl.h">
      <Filter>src\core\lib\transport</Filter>
    </ClInclude>
    <ClInclude Include="$(SolutionDir)\..\src\core\ext\transport\chttp2\transport\bin_decoder.h">
      <Filter>src\core\ext\transport\chttp2\transport</Filter>
    </ClInclude>
    <ClInclude Include="$(SolutionDir)\..\src\core\ext\transport\chttp2\transport\bin_encoder.h">
      <Filter>src\core\ext\transport\chttp2\transport</Filter>
    </ClInclude>
    <ClInclude Include="$(SolutionDir)\..\src\core\ext\transport\chttp2\transport\chttp2_transport.h">
      <Filter>src\core\ext\transport\chttp2\transport</Filter>
    </ClInclude>
    <ClInclude Include="$(SolutionDir)\..\src\core\ext\transport\chttp2\transport\frame.h">
      <Filter>src\core\ext\transport\chttp2\transport</Filter>
    </ClInclude>
    <ClInclude Include="$(SolutionDir)\..\src\core\ext\transport\chttp2\transport\frame_data.h">
      <Filter>src\core\ext\transport\chttp2\transport</Filter>
    </ClInclude>
    <ClInclude Include="$(SolutionDir)\..\src\core\ext\transport\chttp2\transport\frame_goaway.h">
      <Filter>src\core\ext\transport\chttp2\transport</Filter>
    </ClInclude>
    <ClInclude Include="$(SolutionDir)\..\src\core\ext\transport\chttp2\transport\frame_ping.h">
      <Filter>src\core\ext\transport\chttp2\transport</Filter>
    </ClInclude>
    <ClInclude Include="$(SolutionDir)\..\src\core\ext\transport\chttp2\transport\frame_rst_stream.h">
      <Filter>src\core\ext\transport\chttp2\transport</Filter>
    </ClInclude>
    <ClInclude Include="$(SolutionDir)\..\src\core\ext\transport\chttp2\transport\frame_settings.h">
      <Filter>src\core\ext\transport\chttp2\transport</Filter>
    </ClInclude>
    <ClInclude Include="$(SolutionDir)\..\src\core\ext\transport\chttp2\transport\frame_window_update.h">
      <Filter>src\core\ext\transport\chttp2\transport</Filter>
    </ClInclude>
    <ClInclude Include="$(SolutionDir)\..\src\core\ext\transport\chttp2\transport\hpack_encoder.h">
      <Filter>src\core\ext\transport\chttp2\transport</Filter>
    </ClInclude>
    <ClInclude Include="$(SolutionDir)\..\src\core\ext\transport\chttp2\transport\hpack_parser.h">
      <Filter>src\core\ext\transport\chttp2\transport</Filter>
    </ClInclude>
    <ClInclude Include="$(SolutionDir)\..\src\core\ext\transport\chttp2\transport\hpack_table.h">
      <Filter>src\core\ext\transport\chttp2\transport</Filter>
    </ClInclude>
    <ClInclude Include="$(SolutionDir)\..\src\core\ext\transport\chttp2\transport\http2_settings.h">
      <Filter>src\core\ext\transport\chttp2\transport</Filter>
    </ClInclude>
    <ClInclude Include="$(SolutionDir)\..\src\core\ext\transport\chttp2\transport\huffsyms.h">
      <Filter>src\core\ext\transport\chttp2\transport</Filter>
    </ClInclude>
    <ClInclude Include="$(SolutionDir)\..\src\core\ext\transport\chttp2\transport\incoming_metadata.h">
      <Filter>src\core\ext\transport\chttp2\transport</Filter>
    </ClInclude>
    <ClInclude Include="$(SolutionDir)\..\src\core\ext\transport\chttp2\transport\internal.h">
      <Filter>src\core\ext\transport\chttp2\transport</Filter>
    </ClInclude>
    <ClInclude Include="$(SolutionDir)\..\src\core\ext\transport\chttp2\transport\stream_map.h">
      <Filter>src\core\ext\transport\chttp2\transport</Filter>
    </ClInclude>
    <ClInclude Include="$(SolutionDir)\..\src\core\ext\transport\chttp2\transport\varint.h">
      <Filter>src\core\ext\transport\chttp2\transport</Filter>
    </ClInclude>
    <ClInclude Include="$(SolutionDir)\..\src\core\ext\transport\chttp2\alpn\alpn.h">
      <Filter>src\core\ext\transport\chttp2\alpn</Filter>
    </ClInclude>
    <ClInclude Include="$(SolutionDir)\..\src\core\ext\transport\chttp2\server\chttp2_server.h">
      <Filter>src\core\ext\transport\chttp2\server</Filter>
    </ClInclude>
    <ClInclude Include="$(SolutionDir)\..\src\core\ext\transport\chttp2\client\chttp2_connector.h">
      <Filter>src\core\ext\transport\chttp2\client</Filter>
    </ClInclude>
    <ClInclude Include="$(SolutionDir)\..\src\core\ext\filters\client_channel\client_channel.h">
      <Filter>src\core\ext\filters\client_channel</Filter>
    </ClInclude>
    <ClInclude Include="$(SolutionDir)\..\src\core\ext\filters\client_channel\client_channel_factory.h">
      <Filter>src\core\ext\filters\client_channel</Filter>
    </ClInclude>
    <ClInclude Include="$(SolutionDir)\..\src\core\ext\filters\client_channel\connector.h">
      <Filter>src\core\ext\filters\client_channel</Filter>
    </ClInclude>
    <ClInclude Include="$(SolutionDir)\..\src\core\ext\filters\client_channel\http_connect_handshaker.h">
      <Filter>src\core\ext\filters\client_channel</Filter>
    </ClInclude>
    <ClInclude Include="$(SolutionDir)\..\src\core\ext\filters\client_channel\http_proxy.h">
      <Filter>src\core\ext\filters\client_channel</Filter>
    </ClInclude>
    <ClInclude Include="$(SolutionDir)\..\src\core\ext\filters\client_channel\lb_policy.h">
      <Filter>src\core\ext\filters\client_channel</Filter>
    </ClInclude>
    <ClInclude Include="$(SolutionDir)\..\src\core\ext\filters\client_channel\lb_policy_factory.h">
      <Filter>src\core\ext\filters\client_channel</Filter>
    </ClInclude>
    <ClInclude Include="$(SolutionDir)\..\src\core\ext\filters\client_channel\lb_policy_registry.h">
      <Filter>src\core\ext\filters\client_channel</Filter>
    </ClInclude>
    <ClInclude Include="$(SolutionDir)\..\src\core\ext\filters\client_channel\parse_address.h">
      <Filter>src\core\ext\filters\client_channel</Filter>
    </ClInclude>
    <ClInclude Include="$(SolutionDir)\..\src\core\ext\filters\client_channel\proxy_mapper.h">
      <Filter>src\core\ext\filters\client_channel</Filter>
    </ClInclude>
    <ClInclude Include="$(SolutionDir)\..\src\core\ext\filters\client_channel\proxy_mapper_registry.h">
      <Filter>src\core\ext\filters\client_channel</Filter>
    </ClInclude>
    <ClInclude Include="$(SolutionDir)\..\src\core\ext\filters\client_channel\resolver.h">
      <Filter>src\core\ext\filters\client_channel</Filter>
    </ClInclude>
    <ClInclude Include="$(SolutionDir)\..\src\core\ext\filters\client_channel\resolver_factory.h">
      <Filter>src\core\ext\filters\client_channel</Filter>
    </ClInclude>
    <ClInclude Include="$(SolutionDir)\..\src\core\ext\filters\client_channel\resolver_registry.h">
      <Filter>src\core\ext\filters\client_channel</Filter>
    </ClInclude>
    <ClInclude Include="$(SolutionDir)\..\src\core\ext\filters\client_channel\retry_throttle.h">
      <Filter>src\core\ext\filters\client_channel</Filter>
    </ClInclude>
    <ClInclude Include="$(SolutionDir)\..\src\core\ext\filters\client_channel\subchannel.h">
      <Filter>src\core\ext\filters\client_channel</Filter>
    </ClInclude>
    <ClInclude Include="$(SolutionDir)\..\src\core\ext\filters\client_channel\subchannel_index.h">
      <Filter>src\core\ext\filters\client_channel</Filter>
    </ClInclude>
    <ClInclude Include="$(SolutionDir)\..\src\core\ext\filters\client_channel\uri_parser.h">
      <Filter>src\core\ext\filters\client_channel</Filter>
    </ClInclude>
    <ClInclude Include="$(SolutionDir)\..\src\core\ext\filters\client_channel\resolver\dns\c_ares\grpc_ares_ev_driver.h">
      <Filter>src\core\ext\filters\client_channel\resolver\dns\c_ares</Filter>
    </ClInclude>
    <ClInclude Include="$(SolutionDir)\..\src\core\ext\filters\client_channel\resolver\dns\c_ares\grpc_ares_wrapper.h">
      <Filter>src\core\ext\filters\client_channel\resolver\dns\c_ares</Filter>
    </ClInclude>
    <ClInclude Include="$(SolutionDir)\..\src\core\ext\filters\load_reporting\load_reporting.h">
      <Filter>src\core\ext\filters\load_reporting</Filter>
    </ClInclude>
    <ClInclude Include="$(SolutionDir)\..\src\core\ext\filters\load_reporting\load_reporting_filter.h">
      <Filter>src\core\ext\filters\load_reporting</Filter>
    </ClInclude>
    <ClInclude Include="$(SolutionDir)\..\src\core\ext\filters\client_channel\lb_policy\grpclb\grpclb.h">
      <Filter>src\core\ext\filters\client_channel\lb_policy\grpclb</Filter>
    </ClInclude>
    <ClInclude Include="$(SolutionDir)\..\src\core\ext\filters\client_channel\lb_policy\grpclb\grpclb_channel.h">
      <Filter>src\core\ext\filters\client_channel\lb_policy\grpclb</Filter>
    </ClInclude>
    <ClInclude Include="$(SolutionDir)\..\src\core\ext\filters\client_channel\lb_policy\grpclb\load_balancer_api.h">
      <Filter>src\core\ext\filters\client_channel\lb_policy\grpclb</Filter>
    </ClInclude>
    <ClInclude Include="$(SolutionDir)\..\src\core\ext\filters\client_channel\lb_policy\grpclb\proto\grpc\lb\v1\load_balancer.pb.h">
      <Filter>src\core\ext\filters\client_channel\lb_policy\grpclb\proto\grpc\lb\v1</Filter>
    </ClInclude>
    <ClInclude Include="$(SolutionDir)\..\third_party\nanopb\pb.h">
      <Filter>third_party\nanopb</Filter>
    </ClInclude>
    <ClInclude Include="$(SolutionDir)\..\third_party\nanopb\pb_common.h">
      <Filter>third_party\nanopb</Filter>
    </ClInclude>
    <ClInclude Include="$(SolutionDir)\..\third_party\nanopb\pb_decode.h">
      <Filter>third_party\nanopb</Filter>
    </ClInclude>
    <ClInclude Include="$(SolutionDir)\..\third_party\nanopb\pb_encode.h">
      <Filter>third_party\nanopb</Filter>
    </ClInclude>
    <ClInclude Include="$(SolutionDir)\..\src\core\ext\census\aggregation.h">
      <Filter>src\core\ext\census</Filter>
    </ClInclude>
    <ClInclude Include="$(SolutionDir)\..\src\core\ext\census\base_resources.h">
      <Filter>src\core\ext\census</Filter>
    </ClInclude>
    <ClInclude Include="$(SolutionDir)\..\src\core\ext\census\census_interface.h">
      <Filter>src\core\ext\census</Filter>
    </ClInclude>
    <ClInclude Include="$(SolutionDir)\..\src\core\ext\census\census_rpc_stats.h">
      <Filter>src\core\ext\census</Filter>
    </ClInclude>
    <ClInclude Include="$(SolutionDir)\..\src\core\ext\census\gen\census.pb.h">
      <Filter>src\core\ext\census\gen</Filter>
    </ClInclude>
    <ClInclude Include="$(SolutionDir)\..\src\core\ext\census\gen\trace_context.pb.h">
      <Filter>src\core\ext\census\gen</Filter>
    </ClInclude>
    <ClInclude Include="$(SolutionDir)\..\src\core\ext\census\grpc_filter.h">
      <Filter>src\core\ext\census</Filter>
    </ClInclude>
    <ClInclude Include="$(SolutionDir)\..\src\core\ext\census\mlog.h">
      <Filter>src\core\ext\census</Filter>
    </ClInclude>
    <ClInclude Include="$(SolutionDir)\..\src\core\ext\census\resource.h">
      <Filter>src\core\ext\census</Filter>
    </ClInclude>
    <ClInclude Include="$(SolutionDir)\..\src\core\ext\census\rpc_metric_id.h">
      <Filter>src\core\ext\census</Filter>
    </ClInclude>
    <ClInclude Include="$(SolutionDir)\..\src\core\ext\census\trace_context.h">
      <Filter>src\core\ext\census</Filter>
    </ClInclude>
    <ClInclude Include="$(SolutionDir)\..\src\core\ext\census\trace_label.h">
      <Filter>src\core\ext\census</Filter>
    </ClInclude>
    <ClInclude Include="$(SolutionDir)\..\src\core\ext\census\trace_propagation.h">
      <Filter>src\core\ext\census</Filter>
    </ClInclude>
    <ClInclude Include="$(SolutionDir)\..\src\core\ext\census\trace_status.h">
      <Filter>src\core\ext\census</Filter>
    </ClInclude>
    <ClInclude Include="$(SolutionDir)\..\src\core\ext\census\trace_string.h">
      <Filter>src\core\ext\census</Filter>
    </ClInclude>
    <ClInclude Include="$(SolutionDir)\..\src\core\ext\census\tracing.h">
      <Filter>src\core\ext\census</Filter>
    </ClInclude>
    <ClInclude Include="$(SolutionDir)\..\src\core\ext\filters\max_age\max_age_filter.h">
      <Filter>src\core\ext\filters\max_age</Filter>
    </ClInclude>
  </ItemGroup>

  <ItemGroup>
    <Filter Include="include">
      <UniqueIdentifier>{10076c7e-7c8e-8005-0c81-64454af2cbc8}</UniqueIdentifier>
    </Filter>
    <Filter Include="include\grpc">
      <UniqueIdentifier>{77b9717b-b8d8-dd5f-14bb-a3e96809a70a}</UniqueIdentifier>
    </Filter>
    <Filter Include="include\grpc\impl">
      <UniqueIdentifier>{10cfa248-c60f-376f-e7ae-2a7d7d8e81f5}</UniqueIdentifier>
    </Filter>
    <Filter Include="include\grpc\impl\codegen">
      <UniqueIdentifier>{03cc6735-c734-7017-4000-a435f29d55c3}</UniqueIdentifier>
    </Filter>
    <Filter Include="src">
      <UniqueIdentifier>{aaf326a1-c884-46ea-875a-cbbd9983e539}</UniqueIdentifier>
    </Filter>
    <Filter Include="src\core">
      <UniqueIdentifier>{88491077-386b-2039-d14c-0c40136b5f7a}</UniqueIdentifier>
    </Filter>
    <Filter Include="src\core\ext">
      <UniqueIdentifier>{82f86e8c-00a4-f566-d235-670fc629798d}</UniqueIdentifier>
    </Filter>
    <Filter Include="src\core\ext\census">
      <UniqueIdentifier>{3f21cd12-b8b9-18f8-8780-e21bbe2285d0}</UniqueIdentifier>
    </Filter>
    <Filter Include="src\core\ext\census\gen">
      <UniqueIdentifier>{dfe53168-57b0-3ac4-d8ba-07fd958cc8f5}</UniqueIdentifier>
    </Filter>
    <Filter Include="src\core\ext\filters">
      <UniqueIdentifier>{5e37012e-a374-e285-bbda-b0dbe6327663}</UniqueIdentifier>
    </Filter>
    <Filter Include="src\core\ext\filters\client_channel">
      <UniqueIdentifier>{bb0de45a-745e-8822-7ad5-453f9e060f8c}</UniqueIdentifier>
    </Filter>
    <Filter Include="src\core\ext\filters\client_channel\lb_policy">
      <UniqueIdentifier>{2ac0872e-12dc-0b08-68e0-66829ce8c268}</UniqueIdentifier>
    </Filter>
    <Filter Include="src\core\ext\filters\client_channel\lb_policy\grpclb">
      <UniqueIdentifier>{6cc603b0-7272-0a9f-59c2-5561c1856a6a}</UniqueIdentifier>
    </Filter>
    <Filter Include="src\core\ext\filters\client_channel\lb_policy\grpclb\proto">
      <UniqueIdentifier>{0d3bc4ed-1eea-8b17-c26f-7d87c3dd2220}</UniqueIdentifier>
    </Filter>
    <Filter Include="src\core\ext\filters\client_channel\lb_policy\grpclb\proto\grpc">
      <UniqueIdentifier>{32d37957-d122-e649-b9c1-3f13f6674479}</UniqueIdentifier>
    </Filter>
    <Filter Include="src\core\ext\filters\client_channel\lb_policy\grpclb\proto\grpc\lb">
      <UniqueIdentifier>{153a159f-1ba7-aea7-ebed-4f2d9e2e7bb9}</UniqueIdentifier>
    </Filter>
    <Filter Include="src\core\ext\filters\client_channel\lb_policy\grpclb\proto\grpc\lb\v1">
      <UniqueIdentifier>{f8747b87-02f9-df6c-0eeb-27ab1d037d0c}</UniqueIdentifier>
    </Filter>
    <Filter Include="src\core\ext\filters\client_channel\lb_policy\pick_first">
      <UniqueIdentifier>{4df776ac-ebeb-4933-554e-749a0399ff51}</UniqueIdentifier>
    </Filter>
    <Filter Include="src\core\ext\filters\client_channel\lb_policy\round_robin">
      <UniqueIdentifier>{5244539b-6cec-80c7-61dc-df51e531bedd}</UniqueIdentifier>
    </Filter>
    <Filter Include="src\core\ext\filters\client_channel\resolver">
      <UniqueIdentifier>{663be499-ce6c-8afd-db98-674f26be1149}</UniqueIdentifier>
    </Filter>
    <Filter Include="src\core\ext\filters\client_channel\resolver\dns">
      <UniqueIdentifier>{f6bf03da-fa0d-0c24-bba2-17dc5a3c8fe0}</UniqueIdentifier>
    </Filter>
    <Filter Include="src\core\ext\filters\client_channel\resolver\dns\c_ares">
      <UniqueIdentifier>{54bc0ac2-39c8-dbfd-c5dd-b9fb597dd820}</UniqueIdentifier>
    </Filter>
    <Filter Include="src\core\ext\filters\client_channel\resolver\dns\native">
      <UniqueIdentifier>{55f499bd-ae18-5210-81e1-385c85e60875}</UniqueIdentifier>
    </Filter>
    <Filter Include="src\core\ext\filters\client_channel\resolver\sockaddr">
      <UniqueIdentifier>{99210f5e-b2a0-ecd1-024f-fc152db68a11}</UniqueIdentifier>
    </Filter>
    <Filter Include="src\core\ext\filters\load_reporting">
      <UniqueIdentifier>{0aef07b4-39d2-f862-15ac-65b4bf00dabb}</UniqueIdentifier>
    </Filter>
    <Filter Include="src\core\ext\filters\max_age">
      <UniqueIdentifier>{d3bc80c1-5f2d-e842-42ac-43d8a6ada8de}</UniqueIdentifier>
    </Filter>
    <Filter Include="src\core\ext\transport">
      <UniqueIdentifier>{967c89fe-c97c-27e2-aac0-9ba5854cb5fa}</UniqueIdentifier>
    </Filter>
    <Filter Include="src\core\ext\transport\chttp2">
      <UniqueIdentifier>{702829f0-099e-2ab7-6b44-ed7cff3ec083}</UniqueIdentifier>
    </Filter>
    <Filter Include="src\core\ext\transport\chttp2\alpn">
      <UniqueIdentifier>{7d4830f7-20db-07d3-c3a9-ecfe63ae1992}</UniqueIdentifier>
    </Filter>
    <Filter Include="src\core\ext\transport\chttp2\client">
      <UniqueIdentifier>{0d589e16-e470-4968-318c-796af5a33637}</UniqueIdentifier>
    </Filter>
    <Filter Include="src\core\ext\transport\chttp2\client\insecure">
      <UniqueIdentifier>{34dfdc9b-ab97-47f0-c1e1-b2e7381c3de6}</UniqueIdentifier>
    </Filter>
    <Filter Include="src\core\ext\transport\chttp2\server">
      <UniqueIdentifier>{81fb55f4-9216-441b-8389-a7120bbcd45e}</UniqueIdentifier>
    </Filter>
    <Filter Include="src\core\ext\transport\chttp2\server\insecure">
      <UniqueIdentifier>{3f53dcb6-71d7-28ff-1794-26a08e4601fe}</UniqueIdentifier>
    </Filter>
    <Filter Include="src\core\ext\transport\chttp2\transport">
      <UniqueIdentifier>{45b20f28-376c-9dea-1800-8a0193411946}</UniqueIdentifier>
    </Filter>
    <Filter Include="src\core\lib">
      <UniqueIdentifier>{8bd5b461-bff8-6aa8-b5a6-85da2834eb8a}</UniqueIdentifier>
    </Filter>
    <Filter Include="src\core\lib\channel">
      <UniqueIdentifier>{fb964f3d-a59c-a7ba-fee5-6072dbb94a7b}</UniqueIdentifier>
    </Filter>
    <Filter Include="src\core\lib\compression">
      <UniqueIdentifier>{b88002e9-185e-4e64-49f5-2d8989ce87f6}</UniqueIdentifier>
    </Filter>
    <Filter Include="src\core\lib\debug">
      <UniqueIdentifier>{7f23789d-f18a-2a2d-60fe-a87dc656f539}</UniqueIdentifier>
    </Filter>
    <Filter Include="src\core\lib\http">
      <UniqueIdentifier>{748c8078-2027-8641-f485-1d4c66466e79}</UniqueIdentifier>
    </Filter>
    <Filter Include="src\core\lib\iomgr">
      <UniqueIdentifier>{bb1a1cf2-6824-08f0-a9bd-3fafcaf13042}</UniqueIdentifier>
    </Filter>
    <Filter Include="src\core\lib\json">
      <UniqueIdentifier>{681cdaeb-c47f-8853-d985-bf13c2873947}</UniqueIdentifier>
    </Filter>
    <Filter Include="src\core\lib\slice">
      <UniqueIdentifier>{74c81ab7-e329-a362-3890-4c41b90f0511}</UniqueIdentifier>
    </Filter>
    <Filter Include="src\core\lib\surface">
      <UniqueIdentifier>{506dc3b3-d884-2b59-0dfa-57ed6affa2d3}</UniqueIdentifier>
    </Filter>
    <Filter Include="src\core\lib\transport">
      <UniqueIdentifier>{6c3394d1-27e9-003e-19ed-8116d210f7cc}</UniqueIdentifier>
    </Filter>
    <Filter Include="src\core\plugin_registry">
      <UniqueIdentifier>{babf0a90-e934-f599-5475-e6937d9580fe}</UniqueIdentifier>
    </Filter>
    <Filter Include="third_party">
      <UniqueIdentifier>{025c051e-8eba-125b-67f9-173f95176eb2}</UniqueIdentifier>
    </Filter>
    <Filter Include="third_party\nanopb">
      <UniqueIdentifier>{6511f77d-f28c-80e0-0889-8975e688e344}</UniqueIdentifier>
    </Filter>
  </ItemGroup>
</Project>

