<?xml version="1.0" encoding="utf-8"?>
<Project ToolsVersion="4.0" xmlns="http://schemas.microsoft.com/developer/msbuild/2003">
  <ItemGroup>
    <ClCompile Include="..\..\..\..\test\core\end2end\fixtures\h2_proxy.c">
      <Filter>test\core\end2end\fixtures</Filter>
    </ClCompile>
  </ItemGroup>
  <ItemGroup>
    <ClInclude Include="..\..\..\..\test\core\end2end\end2end_tests.h">
      <Filter>test\core\end2end</Filter>
    </ClInclude>
  </ItemGroup>

  <ItemGroup>
    <Filter Include="test">
      <UniqueIdentifier>{a4db4c8c-a955-c209-a155-0f04f562773a}</UniqueIdentifier>
    </Filter>
    <Filter Include="test\core">
      <UniqueIdentifier>{bb90cf1a-fbfe-74c0-8529-ebda973af619}</UniqueIdentifier>
    </Filter>
    <Filter Include="test\core\end2end">
      <UniqueIdentifier>{3d048e54-e5a9-25d8-ed75-fa8a392fb048}</UniqueIdentifier>
    </Filter>
    <Filter Include="test\core\end2end\fixtures">
      <UniqueIdentifier>{a9a792c8-8c1b-b751-f26b-5b6b953271f6}</UniqueIdentifier>
    </Filter>
  </ItemGroup>
</Project>

