<?xml version="1.0" encoding="utf-8"?>
<Project ToolsVersion="4.0" xmlns="http://schemas.microsoft.com/developer/msbuild/2003">
  <ItemGroup>
    <ClCompile Include="..\..\..\..\test\core\end2end\fixtures\h2_sockpair.c">
      <Filter>test\core\end2end\fixtures</Filter>
    </ClCompile>
  </ItemGroup>
  <ItemGroup>
    <ClInclude Include="..\..\..\..\test\core\end2end\end2end_tests.h">
      <Filter>test\core\end2end</Filter>
    </ClInclude>
  </ItemGroup>

  <ItemGroup>
    <Filter Include="test">
      <UniqueIdentifier>{24c0f8f6-4519-9ec1-b27b-62502f20b7b3}</UniqueIdentifier>
    </Filter>
    <Filter Include="test\core">
      <UniqueIdentifier>{79ed4d88-8b51-e88a-121f-f8d9a96ac320}</UniqueIdentifier>
    </Filter>
    <Filter Include="test\core\end2end">
      <UniqueIdentifier>{de84fe8b-14a0-b2dd-7eff-b3ef82f134d7}</UniqueIdentifier>
    </Filter>
    <Filter Include="test\core\end2end\fixtures">
      <UniqueIdentifier>{23c02bce-1a1e-fdae-ed44-f76685e49884}</UniqueIdentifier>
    </Filter>
  </ItemGroup>
</Project>

