<?xml version="1.0" encoding="utf-8"?>
<Project ToolsVersion="4.0" xmlns="http://schemas.microsoft.com/developer/msbuild/2003">
  <ItemGroup>
    <ClCompile Include="$(SolutionDir)\..\test\cpp\interop\server_helper.cc">
      <Filter>test\cpp\interop</Filter>
    </ClCompile>
  </ItemGroup>
  <ItemGroup>
    <ClInclude Include="$(SolutionDir)\..\test\cpp\interop\server_helper.h">
      <Filter>test\cpp\interop</Filter>
    </ClInclude>
  </ItemGroup>

  <ItemGroup>
    <Filter Include="test">
      <UniqueIdentifier>{f3a504d5-42bb-e7c5-abc0-d270c867ca8b}</UniqueIdentifier>
    </Filter>
    <Filter Include="test\cpp">
      <UniqueIdentifier>{fd3c88e4-793c-3d31-448d-633a9163a110}</UniqueIdentifier>
    </Filter>
    <Filter Include="test\cpp\interop">
      <UniqueIdentifier>{7f2906b2-3b46-9dd8-2df8-c8fb8218d75b}</UniqueIdentifier>
    </Filter>
  </ItemGroup>
</Project>

