<?xml version="1.0" encoding="utf-8"?>
<Project ToolsVersion="4.0" xmlns="http://schemas.microsoft.com/developer/msbuild/2003">
  <ItemGroup>
    <ClCompile Include="$(SolutionDir)\..\test\core\support\histogram_test.c">
      <Filter>test\core\support</Filter>
    </ClCompile>
  </ItemGroup>

  <ItemGroup>
    <Filter Include="test">
      <UniqueIdentifier>{dcd31336-b257-b524-b88a-0be80c6e84cb}</UniqueIdentifier>
    </Filter>
    <Filter Include="test\core">
      <UniqueIdentifier>{77631723-c473-faef-272a-8aa4be4cbbb0}</UniqueIdentifier>
    </Filter>
    <Filter Include="test\core\support">
      <UniqueIdentifier>{6214c935-effb-c8ce-b3e8-25ae70712b35}</UniqueIdentifier>
    </Filter>
  </ItemGroup>
</Project>

