
Microsoft Visual Studio Solution File, Format Version 12.00
# Visual Studio 2013
VisualStudioVersion = 12.0.21005.1
MinimumVisualStudioVersion = 10.0.40219.1
Project("{8BC9CEB8-8B4A-11D0-8D11-00A0C91BC942}") = "grpc", "vcxproj\.\grpc\grpc.vcxproj", "{29D16885-7228-4C31-81ED-5F9187C7F2A9}"
	ProjectSection(myProperties) = preProject
        	lib = "True"
	EndProjectSection
EndProject
Project("{8BC9CEB8-8B4A-11D0-8D11-00A0C91BC942}") = "grpc_test_util", "vcxproj\.\grpc_test_util\grpc_test_util.vcxproj", "{17BCAFC0-5FDC-4C94-AEB9-95F3E220614B}"
	ProjectSection(myProperties) = preProject
        	lib = "True"
	EndProjectSection
	ProjectSection(ProjectDependencies) = postProject
		{29D16885-7228-4C31-81ED-5F9187C7F2A9} = {29D16885-7228-4C31-81ED-5F9187C7F2A9}
	EndProjectSection
EndProject
Project("{8BC9CEB8-8B4A-11D0-8D11-00A0C91BC942}") = "grpc_test_util_unsecure", "vcxproj\.\grpc_test_util_unsecure\grpc_test_util_unsecure.vcxproj", "{0A7E7F92-FDEA-40F1-A9EC-3BA484F98BBF}"
	ProjectSection(myProperties) = preProject
        	lib = "True"
	EndProjectSection
	ProjectSection(ProjectDependencies) = postProject
		{46CEDFFF-9692-456A-AA24-38B5D6BCF4C5} = {46CEDFFF-9692-456A-AA24-38B5D6BCF4C5}
	EndProjectSection
EndProject
Project("{8BC9CEB8-8B4A-11D0-8D11-00A0C91BC942}") = "grpc_unsecure", "vcxproj\.\grpc_unsecure\grpc_unsecure.vcxproj", "{46CEDFFF-9692-456A-AA24-38B5D6BCF4C5}"
	ProjectSection(myProperties) = preProject
        	lib = "True"
	EndProjectSection
EndProject
Project("{8BC9CEB8-8B4A-11D0-8D11-00A0C91BC942}") = "reconnect_server", "vcxproj\.\reconnect_server\reconnect_server.vcxproj", "{929C90AE-483F-AC80-EF93-226199F9E428}"
	ProjectSection(myProperties) = preProject
        	lib = "True"
	EndProjectSection
	ProjectSection(ProjectDependencies) = postProject
		{E3110C46-A148-FF65-08FD-3324829BE7FE} = {E3110C46-A148-FF65-08FD-3324829BE7FE}
		{17BCAFC0-5FDC-4C94-AEB9-95F3E220614B} = {17BCAFC0-5FDC-4C94-AEB9-95F3E220614B}
		{29D16885-7228-4C31-81ED-5F9187C7F2A9} = {29D16885-7228-4C31-81ED-5F9187C7F2A9}
	EndProjectSection
EndProject
Project("{8BC9CEB8-8B4A-11D0-8D11-00A0C91BC942}") = "test_tcp_server", "vcxproj\.\test_tcp_server\test_tcp_server.vcxproj", "{E3110C46-A148-FF65-08FD-3324829BE7FE}"
	ProjectSection(myProperties) = preProject
        	lib = "True"
	EndProjectSection
	ProjectSection(ProjectDependencies) = postProject
		{17BCAFC0-5FDC-4C94-AEB9-95F3E220614B} = {17BCAFC0-5FDC-4C94-AEB9-95F3E220614B}
		{29D16885-7228-4C31-81ED-5F9187C7F2A9} = {29D16885-7228-4C31-81ED-5F9187C7F2A9}
	EndProjectSection
EndProject
Project("{8BC9CEB8-8B4A-11D0-8D11-00A0C91BC942}") = "bad_client_test", "vcxproj\test/bad_client\bad_client_test\bad_client_test.vcxproj", "{BA67B418-B699-E41A-9CC4-0279C49481A5}"
	ProjectSection(myProperties) = preProject
        	lib = "True"
	EndProjectSection
	ProjectSection(ProjectDependencies) = postProject
		{0A7E7F92-FDEA-40F1-A9EC-3BA484F98BBF} = {0A7E7F92-FDEA-40F1-A9EC-3BA484F98BBF}
		{46CEDFFF-9692-456A-AA24-38B5D6BCF4C5} = {46CEDFFF-9692-456A-AA24-38B5D6BCF4C5}
	EndProjectSection
EndProject
Project("{8BC9CEB8-8B4A-11D0-8D11-00A0C91BC942}") = "end2end_tests", "vcxproj\test/end2end/tests\end2end_tests\end2end_tests.vcxproj", "{1F1F9084-2A93-B80E-364F-5754894AFAB4}"
	ProjectSection(myProperties) = preProject
        	lib = "True"
	EndProjectSection
	ProjectSection(ProjectDependencies) = postProject
		{80EA2691-C037-6DD3-D3AB-21510BF0E64B} = {80EA2691-C037-6DD3-D3AB-21510BF0E64B}
		{17BCAFC0-5FDC-4C94-AEB9-95F3E220614B} = {17BCAFC0-5FDC-4C94-AEB9-95F3E220614B}
		{29D16885-7228-4C31-81ED-5F9187C7F2A9} = {29D16885-7228-4C31-81ED-5F9187C7F2A9}
	EndProjectSection
EndProject
Project("{8BC9CEB8-8B4A-11D0-8D11-00A0C91BC942}") = "end2end_nosec_tests", "vcxproj\test/end2end/tests\end2end_nosec_tests\end2end_nosec_tests.vcxproj", "{47C2CB41-4E9F-58B6-F606-F6FAED5D00ED}"
	ProjectSection(myProperties) = preProject
        	lib = "True"
	EndProjectSection
	ProjectSection(ProjectDependencies) = postProject
		{0A7E7F92-FDEA-40F1-A9EC-3BA484F98BBF} = {0A7E7F92-FDEA-40F1-A9EC-3BA484F98BBF}
		{46CEDFFF-9692-456A-AA24-38B5D6BCF4C5} = {46CEDFFF-9692-456A-AA24-38B5D6BCF4C5}
	EndProjectSection
EndProject
Project("{8BC9CEB8-8B4A-11D0-8D11-00A0C91BC942}") = "end2end_certs", "vcxproj\test/end2end\end2end_certs\end2end_certs.vcxproj", "{80EA2691-C037-6DD3-D3AB-21510BF0E64B}"
	ProjectSection(myProperties) = preProject
        	lib = "True"
	EndProjectSection
EndProject
Project("{8BC9CEB8-8B4A-11D0-8D11-00A0C91BC942}") = "alarm_test", "vcxproj\test\alarm_test\alarm_test.vcxproj", "{AFD362D7-0E2A-E700-1F27-9D90F76166DF}"
	ProjectSection(myProperties) = preProject
        	lib = "False"
	EndProjectSection
	ProjectSection(ProjectDependencies) = postProject
		{17BCAFC0-5FDC-4C94-AEB9-95F3E220614B} = {17BCAFC0-5FDC-4C94-AEB9-95F3E220614B}
		{29D16885-7228-4C31-81ED-5F9187C7F2A9} = {29D16885-7228-4C31-81ED-5F9187C7F2A9}
	EndProjectSection
EndProject
Project("{8BC9CEB8-8B4A-11D0-8D11-00A0C91BC942}") = "algorithm_test", "vcxproj\test\algorithm_test\algorithm_test.vcxproj", "{216FDCB2-9D93-0D86-F0F1-12E16312A191}"
	ProjectSection(myProperties) = preProject
        	lib = "False"
	EndProjectSection
	ProjectSection(ProjectDependencies) = postProject
		{17BCAFC0-5FDC-4C94-AEB9-95F3E220614B} = {17BCAFC0-5FDC-4C94-AEB9-95F3E220614B}
		{29D16885-7228-4C31-81ED-5F9187C7F2A9} = {29D16885-7228-4C31-81ED-5F9187C7F2A9}
	EndProjectSection
EndProject
Project("{8BC9CEB8-8B4A-11D0-8D11-00A0C91BC942}") = "alloc_test", "vcxproj\test\alloc_test\alloc_test.vcxproj", "{DD37D527-9DFF-1F53-B97F-50CF80AE0650}"
	ProjectSection(myProperties) = preProject
        	lib = "False"
	EndProjectSection
	ProjectSection(ProjectDependencies) = postProject
		{17BCAFC0-5FDC-4C94-AEB9-95F3E220614B} = {17BCAFC0-5FDC-4C94-AEB9-95F3E220614B}
		{29D16885-7228-4C31-81ED-5F9187C7F2A9} = {29D16885-7228-4C31-81ED-5F9187C7F2A9}
	EndProjectSection
EndProject
Project("{8BC9CEB8-8B4A-11D0-8D11-00A0C91BC942}") = "alpn_test", "vcxproj\test\alpn_test\alpn_test.vcxproj", "{5BAAE7EA-A972-DD80-F190-29B9E3110BB3}"
	ProjectSection(myProperties) = preProject
        	lib = "False"
	EndProjectSection
	ProjectSection(ProjectDependencies) = postProject
		{17BCAFC0-5FDC-4C94-AEB9-95F3E220614B} = {17BCAFC0-5FDC-4C94-AEB9-95F3E220614B}
		{29D16885-7228-4C31-81ED-5F9187C7F2A9} = {29D16885-7228-4C31-81ED-5F9187C7F2A9}
	EndProjectSection
EndProject
Project("{8BC9CEB8-8B4A-11D0-8D11-00A0C91BC942}") = "bin_encoder_test", "vcxproj\test\bin_encoder_test\bin_encoder_test.vcxproj", "{D5C70922-D68E-0E9D-9988-995E0F9A79AE}"
	ProjectSection(myProperties) = preProject
        	lib = "False"
	EndProjectSection
	ProjectSection(ProjectDependencies) = postProject
		{17BCAFC0-5FDC-4C94-AEB9-95F3E220614B} = {17BCAFC0-5FDC-4C94-AEB9-95F3E220614B}
		{29D16885-7228-4C31-81ED-5F9187C7F2A9} = {29D16885-7228-4C31-81ED-5F9187C7F2A9}
		