
Microsoft Visual Studio Solution File, Format Version 12.00
# Visual Studio 2013
VisualStudioVersion = 12.0.21005.1
MinimumVisualStudioVersion = 10.0.40219.1
Project("{8BC9CEB8-8B4A-11D0-8D11-00A0C91BC942}") = "gpr", "vcxproj\.\gpr\gpr.vcxproj", "{B23D3D1A-9438-4EDA-BEB6-9A0A03D17792}"
	ProjectSection(myProperties) = preProject
        	lib = "True"
	EndProjectSection
EndProject
Project("{8BC9CEB8-8B4A-11D0-8D11-00A0C91BC942}") = "grpc", "vcxproj\.\grpc\grpc.vcxproj", "{29D16885-7228-4C31-81ED-5F9187C7F2A9}"
	ProjectSection(myProperties) = preProject
        	lib = "True"
	EndProjectSection
	ProjectSection(ProjectDependencies) = postProject
		{B23D3D1A-9438-4EDA-BEB6-9A0A03D17792} = {B23D3D1A-9438-4EDA-BEB6-9A0A03D17792}
		