<?xml version="1.0" encoding="utf-8"?>
<Project ToolsVersion="4.0" xmlns="http://schemas.microsoft.com/developer/msbuild/2003">
  <ItemGroup>
    <ClCompile Include="..\..\..\..\test\core\transport\chttp2\stream_encoder_test.c">
      <Filter>test\core\transport\chttp2</Filter>
    </ClCompile>
  </ItemGroup>

  <ItemGroup>
    <Filter Include="test">
      <UniqueIdentifier>{01c7a278-37fe-3b5b-07b2-69fb1ab246c7}</UniqueIdentifier>
    </Filter>
    <Filter Include="test\core">
      <UniqueIdentifier>{da538a0c-295f-5530-0f16-6a227560fcd9}</UniqueIdentifier>
    </Filter>
    <Filter Include="test\core\transport">
      <UniqueIdentifier>{39eab8e8-fc1b-b11b-cf8f-13ca8250b447}</UniqueIdentifier>
    </Filter>
    <Filter Include="test\core\transport\chttp2">
      <UniqueIdentifier>{bce0b929-ff48-3397-2cd9-63dba2f62bcc}</UniqueIdentifier>
    </Filter>
  </ItemGroup>
</Project>

