<?xml version="1.0" encoding="utf-8"?>
<Project ToolsVersion="4.0" xmlns="http://schemas.microsoft.com/developer/msbuild/2003">
  <ItemGroup>
    <ClCompile Include="..\..\..\..\test\core\surface\multi_init_test.c">
      <Filter>test\core\surface</Filter>
    </ClCompile>
  </ItemGroup>

  <ItemGroup>
    <Filter Include="test">
      <UniqueIdentifier>{9fd58330-04b7-e69b-7217-2b6df7135781}</UniqueIdentifier>
    </Filter>
    <Filter Include="test\core">
      <UniqueIdentifier>{a1129343-c108-ef14-75a6-89805909cda1}</UniqueIdentifier>
    </Filter>
    <Filter Include="test\core\surface">
      <UniqueIdentifier>{7b12af46-5c98-9a39-b0db-82bdc9fb52d2}</UniqueIdentifier>
    </Filter>
  </ItemGroup>
</Project>

