<?xml version="1.0" encoding="utf-8"?>
<Project ToolsVersion="4.0" xmlns="http://schemas.microsoft.com/developer/msbuild/2003">
  <ItemGroup>
    <ClCompile Include="..\..\..\..\test\core\end2end\tests\max_concurrent_streams.c">
      <Filter>test\core\end2end\tests</Filter>
    </ClCompile>
  </ItemGroup>
  <ItemGroup>
    <ClInclude Include="..\..\..\..\test\core\end2end\tests\cancel_test_helpers.h">
      <Filter>test\core\end2end\tests</Filter>
    </ClInclude>
    <ClInclude Include="..\..\..\..\test\core\end2end\end2end_tests.h">
      <Filter>test\core\end2end</Filter>
    </ClInclude>
  </ItemGroup>

  <ItemGroup>
    <Filter Include="test">
      <UniqueIdentifier>{2a8f5031-761b-3ec9-723a-5c53710b75f9}</UniqueIdentifier>
    </Filter>
    <Filter Include="test\core">
      <UniqueIdentifier>{d841c409-18fc-b8a8-c504-8ea47dc6083a}</UniqueIdentifier>
    </Filter>
    <Filter Include="test\core\end2end">
      <UniqueIdentifier>{2cb7eff9-7e53-326d-390c-66cd4ccefe18}</UniqueIdentifier>
    </Filter>
    <Filter Include="test\core\end2end\tests">
      <UniqueIdentifier>{03e9bc17-6d1d-0ae7-b6d1-15eaae9d1c9c}</UniqueIdentifier>
    </Filter>
  </ItemGroup>
</Project>

