<?xml version="1.0" encoding="utf-8"?>
<Project ToolsVersion="4.0" xmlns="http://schemas.microsoft.com/developer/msbuild/2003">
  <ItemGroup>
    <ClInclude Include="$(SolutionDir)\..\include\grpc++\impl\codegen\async_stream.h">
      <Filter>include\grpc++\impl\codegen</Filter>
    </ClInclude>
    <ClInclude Include="$(SolutionDir)\..\include\grpc++\impl\codegen\async_unary_call.h">
      <Filter>include\grpc++\impl\codegen</Filter>
    </ClInclude>
    <ClInclude Include="$(SolutionDir)\..\include\grpc++\impl\codegen\call.h">
      <Filter>include\grpc++\impl\codegen</Filter>
    </ClInclude>
    <ClInclude Include="$(SolutionDir)\..\include\grpc++\impl\codegen\call_hook.h">
      <Filter>include\grpc++\impl\codegen</Filter>
    </ClInclude>
    <ClInclude Include="$(SolutionDir)\..\include\grpc++\impl\codegen\channel_interface.h">
      <Filter>include\grpc++\impl\codegen</Filter>
    </ClInclude>
    <ClInclude Include="$(SolutionDir)\..\include\grpc++\impl\codegen\client_context.h">
      <Filter>include\grpc++\impl\codegen</Filter>
    </ClInclude>
    <ClInclude Include="$(SolutionDir)\..\include\grpc++\impl\codegen\client_unary_call.h">
      <Filter>include\grpc++\impl\codegen</Filter>
    </ClInclude>
    <ClInclude Include="$(SolutionDir)\..\include\grpc++\impl\codegen\completion_queue.h">
      <Filter>include\grpc++\impl\codegen</Filter>
    </ClInclude>
    <ClInclude Include="$(SolutionDir)\..\include\grpc++\impl\codegen\completion_queue_tag.h">
      <Filter>include\grpc++\impl\codegen</Filter>
    </ClInclude>
    <ClInclude Include="$(SolutionDir)\..\include\grpc++\impl\codegen\config.h">
      <Filter>include\grpc++\impl\codegen</Filter>
    </ClInclude>
    <ClInclude Include="$(SolutionDir)\..\include\grpc++\impl\codegen\config_protobuf.h">
      <Filter>include\grpc++\impl\codegen</Filter>
    </ClInclude>
    <ClInclude Include="$(SolutionDir)\..\include\grpc++\impl\codegen\grpc_library.h">
      <Filter>include\grpc++\impl\codegen</Filter>
    </ClInclude>
    <ClInclude Include="$(SolutionDir)\..\include\grpc++\impl\codegen\method_handler_impl.h">
      <Filter>include\grpc++\impl\codegen</Filter>
    </ClInclude>
    <ClInclude Include="$(SolutionDir)\..\include\grpc++\impl\codegen\proto_utils.h">
      <Filter>include\grpc++\impl\codegen</Filter>
    </ClInclude>
    <ClInclude Include="$(SolutionDir)\..\include\grpc++\impl\codegen\rpc_method.h">
      <Filter>include\grpc++\impl\codegen</Filter>
    </ClInclude>
    <ClInclude Include="$(SolutionDir)\..\include\grpc++\impl\codegen\rpc_service_method.h">
      <Filter>include\grpc++\impl\codegen</Filter>
    </ClInclude>
    <ClInclude Include="$(SolutionDir)\..\include\grpc++\impl\codegen\security\auth_context.h">
      <Filter>include\grpc++\impl\codegen\security</Filter>
    </ClInclude>
    <ClInclude Include="$(SolutionDir)\..\include\grpc++\impl\codegen\serialization_traits.h">
      <Filter>include\grpc++\impl\codegen</Filter>
    </ClInclude>
    <ClInclude Include="$(SolutionDir)\..\include\grpc++\impl\codegen\server_context.h">
      <Filter>include\grpc++\impl\codegen</Filter>
    </ClInclude>
    <ClInclude Include="$(SolutionDir)\..\include\grpc++\impl\codegen\server_interface.h">
      <Filter>include\grpc++\impl\codegen</Filter>
    </ClInclude>
    <ClInclude Include="$(SolutionDir)\..\include\grpc++\impl\codegen\service_type.h">
      <Filter>include\grpc++\impl\codegen</Filter>
    </ClInclude>
    <ClInclude Include="$(SolutionDir)\..\include\grpc++\impl\codegen\status.h">
      <Filter>include\grpc++\impl\codegen</Filter>
    </ClInclude>
    <ClInclude Include="$(SolutionDir)\..\include\grpc++\impl\codegen\status_code_enum.h">
      <Filter>include\grpc++\impl\codegen</Filter>
    </ClInclude>
    <ClInclude Include="$(SolutionDir)\..\include\grpc++\impl\codegen\string_ref.h">
      <Filter>include\grpc++\impl\codegen</Filter>
    </ClInclude>
    <ClInclude Include="$(SolutionDir)\..\include\grpc++\impl\codegen\stub_options.h">
      <Filter>include\grpc++\impl\codegen</Filter>
    </ClInclude>
    <ClInclude Include="$(SolutionDir)\..\include\grpc++\impl\codegen\sync.h">
      <Filter>include\grpc++\impl\codegen</Filter>
    </ClInclude>
    <ClInclude Include="$(SolutionDir)\..\include\grpc++\impl\codegen\sync_cxx11.h">
      <Filter>include\grpc++\impl\codegen</Filter>
    </ClInclude>
    <ClInclude Include="$(SolutionDir)\..\include\grpc++\impl\codegen\sync_no_cxx11.h">
      <Filter>include\grpc++\impl\codegen</Filter>
    </ClInclude>
    <ClInclude Include="$(SolutionDir)\..\include\grpc++\impl\codegen\sync_stream.h">
      <Filter>include\grpc++\impl\codegen</Filter>
    </ClInclude>
    <ClInclude Include="$(SolutionDir)\..\include\grpc++\impl\codegen\time.h">
      <Filter>include\grpc++\impl\codegen</Filter>
    </ClInclude>
  </ItemGroup>
  <ItemGroup>
    <ClInclude Include="$(SolutionDir)\..\include\grpc\impl\codegen\alloc.h">
      <Filter>include\grpc\impl\codegen</Filter>
    </ClInclude>
    <ClInclude Include="$(SolutionDir)\..\include\grpc\impl\codegen\atm.h">
      <Filter>include\grpc\impl\codegen</Filter>
    </ClInclude>
    <ClInclude Include="$(SolutionDir)\..\include\grpc\impl\codegen\atm_gcc_atomic.h">
      <Filter>include\grpc\impl\codegen</Filter>
    </ClInclude>
    <ClInclude Include="$(SolutionDir)\..\include\grpc\impl\codegen\atm_gcc_sync.h">
      <Filter>include\grpc\impl\codegen</Filter>
    </ClInclude>
    <ClInclude Include="$(SolutionDir)\..\include\grpc\impl\codegen\atm_win32.h">
      <Filter>include\grpc\impl\codegen</Filter>
    </ClInclude>
    <ClInclude Include="$(SolutionDir)\..\include\grpc\impl\codegen\log.h">
      <Filter>include\grpc\impl\codegen</Filter>
    </ClInclude>
    <ClInclude Include="$(SolutionDir)\..\include\grpc\impl\codegen\port_platform.h">
      <Filter>include\grpc\impl\codegen</Filter>
    </ClInclude>
    <ClInclude Include="$(SolutionDir)\..\include\grpc\impl\codegen\slice.h">
      <Filter>include\grpc\impl\codegen</Filter>
    </ClInclude>
    <ClInclude Include="$(SolutionDir)\..\include\grpc\impl\codegen\slice_buffer.h">
      <Filter>include\grpc\impl\codegen</Filter>
    </ClInclude>
    <ClInclude Include="$(SolutionDir)\..\include\grpc\impl\codegen\sync.h">
      <Filter>include\grpc\impl\codegen</Filter>
    </ClInclude>
    <ClInclude Include="$(SolutionDir)\..\include\grpc\impl\codegen\sync_generic.h">
      <Filter>include\grpc\impl\codegen</Filter>
    </ClInclude>
    <ClInclude Include="$(SolutionDir)\..\include\grpc\impl\codegen\sync_posix.h">
      <Filter>include\grpc\impl\codegen</Filter>
    </ClInclude>
    <ClInclude Include="$(SolutionDir)\..\include\grpc\impl\codegen\sync_win32.h">
      <Filter>include\grpc\impl\codegen</Filter>
    </ClInclude>
    <ClInclude Include="$(SolutionDir)\..\include\grpc\impl\codegen\time.h">
      <Filter>include\grpc\impl\codegen</Filter>
    </ClInclude>
  </ItemGroup>

  <ItemGroup>
    <Filter Include="include">
      <UniqueIdentifier>{cf409044-341b-37b5-03f3-0b09c3c474c4}</UniqueIdentifier>
    </Filter>
    <Filter Include="include\grpc">
      <UniqueIdentifier>{cddccffd-da89-18ad-da57-0c9d704a4633}</UniqueIdentifier>
    </Filter>
    <Filter Include="include\grpc++">
      <UniqueIdentifier>{cb8cb5ad-cf23-a491-046c-1c0688be53ac}</UniqueIdentifier>
    </Filter>
    <Filter Include="include\grpc++\impl">
      <UniqueIdentifier>{a734ff7f-2489-0c04-3fc6-35e361240cf1}</UniqueIdentifier>
    </Filter>
    <Filter Include="include\grpc++\impl\codegen">
      <UniqueIdentifier>{ffc473f2-ece4-fedf-238f-f161e5c3d5e7}</UniqueIdentifier>
    </Filter>
    <Filter Include="include\grpc++\impl\codegen\security">
      <UniqueIdentifier>{89065a9e-e4a0-e5e4-32e9-51cd4cadab46}</UniqueIdentifier>
    </Filter>
    <Filter Include="include\grpc\impl">
      <UniqueIdentifier>{45ab28cb-74e7-1a53-77c1-bbf2ec383fa2}</UniqueIdentifier>
    </Filter>
    <Filter Include="include\grpc\impl\codegen">
      <UniqueIdentifier>{311586c5-1a08-e1ba-8dd8-d1cbe10156b3}</UniqueIdentifier>
    </Filter>
  </ItemGroup>
</Project>

