<?xml version="1.0" encoding="utf-8"?>
<Project ToolsVersion="4.0" xmlns="http://schemas.microsoft.com/developer/msbuild/2003">
  <ItemGroup>
    <ClCompile Include="$(SolutionDir)\..\third_party\google_benchmark\src\benchmark.cc">
      <Filter>third_party\google_benchmark\src</Filter>
    </ClCompile>
    <ClCompile Include="$(SolutionDir)\..\third_party\google_benchmark\src\benchmark_register.cc">
      <Filter>third_party\google_benchmark\src</Filter>
    </ClCompile>
    <ClCompile Include="$(SolutionDir)\..\third_party\google_benchmark\src\colorprint.cc">
      <Filter>third_party\google_benchmark\src</Filter>
    </ClCompile>
    <ClCompile Include="$(SolutionDir)\..\third_party\google_benchmark\src\commandlineflags.cc">
      <Filter>third_party\google_benchmark\src</Filter>
    </ClCompile>
    <ClCompile Include="$(SolutionDir)\..\third_party\google_benchmark\src\complexity.cc">
      <Filter>third_party\google_benchmark\src</Filter>
    </ClCompile>
    <ClCompile Include="$(SolutionDir)\..\third_party\google_benchmark\src\console_reporter.cc">
      <Filter>third_party\google_benchmark\src</Filter>
    </ClCompile>
    <ClCompile Include="$(SolutionDir)\..\third_party\google_benchmark\src\csv_reporter.cc">
      <Filter>third_party\google_benchmark\src</Filter>
    </ClCompile>
    <ClCompile Include="$(SolutionDir)\..\third_party\google_benchmark\src\json_reporter.cc">
      <Filter>third_party\google_benchmark\src</Filter>
    </ClCompile>
    <ClCompile Include="$(SolutionDir)\..\third_party\google_benchmark\src\reporter.cc">
      <Filter>third_party\google_benchmark\src</Filter>
    </ClCompile>
    <ClCompile Include="$(SolutionDir)\..\third_party\google_benchmark\src\sleep.cc">
      <Filter>third_party\google_benchmark\src</Filter>
    </ClCompile>
    <ClCompile Include="$(SolutionDir)\..\third_party\google_benchmark\src\string_util.cc">
      <Filter>third_party\google_benchmark\src</Filter>
    </ClCompile>
    <ClCompile Include="$(SolutionDir)\..\third_party\google_benchmark\src\sysinfo.cc">
      <Filter>third_party\google_benchmark\src</Filter>
    </ClCompile>
    <ClCompile Include="$(SolutionDir)\..\third_party\google_benchmark\src\timers.cc">
      <Filter>third_party\google_benchmark\src</Filter>
    </ClCompile>
  </ItemGroup>
  <ItemGroup>
    <ClInclude Include="$(SolutionDir)\..\third_party\google_benchmark\include\benchmark\benchmark.h">
      <Filter>third_party\google_benchmark\include\benchmark</Filter>
    </ClInclude>
    <ClInclude Include="$(SolutionDir)\..\third_party\google_benchmark\include\benchmark\benchmark_api.h">
      <Filter>third_party\google_benchmark\include\benchmark</Filter>
    </ClInclude>
    <ClInclude Include="$(SolutionDir)\..\third_party\google_benchmark\include\benchmark\macros.h">
      <Filter>third_party\google_benchmark\include\benchmark</Filter>
    </ClInclude>
    <ClInclude Include="$(SolutionDir)\..\third_party\google_benchmark\include\benchmark\reporter.h">
      <Filter>third_party\google_benchmark\include\benchmark</Filter>
    </ClInclude>
    <ClInclude Include="$(SolutionDir)\..\third_party\google_benchmark\src\arraysize.h">
      <Filter>third_party\google_benchmark\src</Filter>
    </ClInclude>
    <ClInclude Include="$(SolutionDir)\..\third_party\google_benchmark\src\benchmark_api_internal.h">
      <Filter>third_party\google_benchmark\src</Filter>
    </ClInclude>
    <ClInclude Include="$(SolutionDir)\..\third_party\google_benchmark\src\check.h">
      <Filter>third_party\google_benchmark\src</Filter>
    </ClInclude>
    <ClInclude Include="$(SolutionDir)\..\third_party\google_benchmark\src\colorprint.h">
      <Filter>third_party\google_benchmark\src</Filter>
    </ClInclude>
    <ClInclude Include="$(SolutionDir)\..\third_party\google_benchmark\src\commandlineflags.h">
      <Filter>third_party\google_benchmark\src</Filter>
    </ClInclude>
    <ClInclude Include="$(SolutionDir)\..\third_party\google_benchmark\src\complexity.h">
      <Filter>third_party\google_benchmark\src</Filter>
    </ClInclude>
    <ClInclude Include="$(SolutionDir)\..\third_party\google_benchmark\src\cycleclock.h">
      <Filter>third_party\google_benchmark\src</Filter>
    </ClInclude>
    <ClInclude Include="$(SolutionDir)\..\third_party\google_benchmark\src\internal_macros.h">
      <Filter>third_party\google_benchmark\src</Filter>
    </ClInclude>
    <ClInclude Include="$(SolutionDir)\..\third_party\google_benchmark\src\log.h">
      <Filter>third_party\google_benchmark\src</Filter>
    </ClInclude>
    <ClInclude Include="$(SolutionDir)\..\third_party\google_benchmark\src\mutex.h">
      <Filter>third_party\google_benchmark\src</Filter>
    </ClInclude>
    <ClInclude Include="$(SolutionDir)\..\third_party\google_benchmark\src\re.h">
      <Filter>third_party\google_benchmark\src</Filter>
    </ClInclude>
    <ClInclude Include="$(SolutionDir)\..\third_party\google_benchmark\src\sleep.h">
      <Filter>third_party\google_benchmark\src</Filter>
    </ClInclude>
    <ClInclude Include="$(SolutionDir)\..\third_party\google_benchmark\src\stat.h">
      <Filter>third_party\google_benchmark\src</Filter>
    </ClInclude>
    <ClInclude Include="$(SolutionDir)\..\third_party\google_benchmark\src\string_util.h">
      <Filter>third_party\google_benchmark\src</Filter>
    </ClInclude>
    <ClInclude Include="$(SolutionDir)\..\third_party\google_benchmark\src\sysinfo.h">
      <Filter>third_party\google_benchmark\src</Filter>
    </ClInclude>
    <ClInclude Include="$(SolutionDir)\..\third_party\google_benchmark\src\timers.h">
      <Filter>third_party\google_benchmark\src</Filter>
    </ClInclude>
  </ItemGroup>

  <ItemGroup>
    <Filter Include="third_party">
      <UniqueIdentifier>{7458b63d-7ba4-103d-2bed-3e3ad30d8237}</UniqueIdentifier>
    </Filter>
    <Filter Include="third_party\google_benchmark">
      <UniqueIdentifier>{54a154e8-669b-a7c1-9b6e-bd1aab2f86e3}</UniqueIdentifier>
    </Filter>
    <Filter Include="third_party\google_benchmark\include">
      <UniqueIdentifier>{f54c3cb1-ec20-a651-6956-78379b51e1a5}</UniqueIdentifier>
    </Filter>
    <Filter Include="third_party\google_benchmark\include\benchmark">
      <UniqueIdentifier>{0483a457-8050-4565-bc15-09695bf7b822}</UniqueIdentifier>
    </Filter>
    <Filter Include="third_party\google_benchmark\src">
      <UniqueIdentifier>{c39ff2d1-691e-4614-4d75-4bc20db05e09}</UniqueIdentifier>
    </Filter>
  </ItemGroup>
</Project>

