<?xml version="1.0" encoding="utf-8"?>
<Project ToolsVersion="4.0" xmlns="http://schemas.microsoft.com/developer/msbuild/2003">
  <ItemGroup>
    <ClCompile Include="$(SolutionDir)\..\test\core\iomgr\sockaddr_utils_test.c">
      <Filter>test\core\iomgr</Filter>
    </ClCompile>
  </ItemGroup>

  <ItemGroup>
    <Filter Include="test">
      <UniqueIdentifier>{bbfd5aee-2a2d-68d9-40ee-2dee3846174e}</UniqueIdentifier>
    </Filter>
    <Filter Include="test\core">
      <UniqueIdentifier>{38408b3f-9753-e484-272b-21b7d81d7b42}</UniqueIdentifier>
    </Filter>
    <Filter Include="test\core\iomgr">
      <UniqueIdentifier>{4d4c0f68-3090-ffca-2f58-49cf5360bde2}</UniqueIdentifier>
    </Filter>
  </ItemGroup>
</Project>

